// !$*UTF8*$!
{
	archiveVersion = 1;
	classes = {
	};
	objectVersion = 46;
	objects = {

/* Begin PBXBuildFile section */
		1529525D199071EF00924FC3 /* Foundation.framework in Frameworks */ = {isa = PBXBuildFile; fileRef = 1529525C199071EF00924FC3 /* Foundation.framework */; };
		1529525F199071EF00924FC3 /* CoreGraphics.framework in Frameworks */ = {isa = PBXBuildFile; fileRef = 1529525E199071EF00924FC3 /* CoreGraphics.framework */; };
		15295261199071EF00924FC3 /* UIKit.framework in Frameworks */ = {isa = PBXBuildFile; fileRef = 15295260199071EF00924FC3 /* UIKit.framework */; };
		15295267199071EF00924FC3 /* InfoPlist.strings in Resources */ = {isa = PBXBuildFile; fileRef = 15295265199071EF00924FC3 /* InfoPlist.strings */; };
		15295269199071EF00924FC3 /* main.m in Sources */ = {isa = PBXBuildFile; fileRef = 15295268199071EF00924FC3 /* main.m */; };
		1529526D199071F000924FC3 /* AppDelegate.m in Sources */ = {isa = PBXBuildFile; fileRef = 1529526C199071F000924FC3 /* AppDelegate.m */; };
		15295270199071F000924FC3 /* Main.storyboard in Resources */ = {isa = PBXBuildFile; fileRef = 1529526E199071F000924FC3 /* Main.storyboard */; };
		15295278199071F000924FC3 /* Images.xcassets in Resources */ = {isa = PBXBuildFile; fileRef = 15295277199071F000924FC3 /* Images.xcassets */; };
		1529527F199071F000924FC3 /* XCTest.framework in Frameworks */ = {isa = PBXBuildFile; fileRef = 1529527E199071F000924FC3 /* XCTest.framework */; };
		15295280199071F000924FC3 /* Foundation.framework in Frameworks */ = {isa = PBXBuildFile; fileRef = 1529525C199071EF00924FC3 /* Foundation.framework */; };
		15295281199071F000924FC3 /* UIKit.framework in Frameworks */ = {isa = PBXBuildFile; fileRef = 15295260199071EF00924FC3 /* UIKit.framework */; };
		15295289199071F000924FC3 /* InfoPlist.strings in Resources */ = {isa = PBXBuildFile; fileRef = 15295287199071F000924FC3 /* InfoPlist.strings */; };
		1529528B199071F000924FC3 /* SmartSwitchTests.m in Sources */ = {isa = PBXBuildFile; fileRef = 1529528A199071F000924FC3 /* SmartSwitchTests.m */; };
		152952A51990899400924FC3 /* CC3xMessage.m in Sources */ = {isa = PBXBuildFile; fileRef = 1529529C1990899400924FC3 /* CC3xMessage.m */; };
		152952A61990899400924FC3 /* CC3xMoreAction.m in Sources */ = {isa = PBXBuildFile; fileRef = 1529529E1990899400924FC3 /* CC3xMoreAction.m */; settings = {COMPILER_FLAGS = "-fno-objc-arc"; }; };
		152952A71990899400924FC3 /* CC3xServerInfo.m in Sources */ = {isa = PBXBuildFile; fileRef = 152952A01990899400924FC3 /* CC3xServerInfo.m */; };
		152952A81990899400924FC3 /* CC3xSwitch.m in Sources */ = {isa = PBXBuildFile; fileRef = 152952A21990899400924FC3 /* CC3xSwitch.m */; };
		152952A91990899400924FC3 /* CC3xTimerTask.m in Sources */ = {isa = PBXBuildFile; fileRef = 152952A41990899400924FC3 /* CC3xTimerTask.m */; };
		152952AF1990899F00924FC3 /* CC3xAPManager.m in Sources */ = {isa = PBXBuildFile; fileRef = 152952AB1990899F00924FC3 /* CC3xAPManager.m */; settings = {COMPILER_FLAGS = "-fno-objc-arc"; }; };
		152952B01990899F00924FC3 /* CC3xUtility.m in Sources */ = {isa = PBXBuildFile; fileRef = 152952AE1990899F00924FC3 /* CC3xUtility.m */; settings = {COMPILER_FLAGS = "-fno-objc-arc"; }; };
		152952B3199089B100924FC3 /* CRC.c in Sources */ = {isa = PBXBuildFile; fileRef = 152952B2199089B100924FC3 /* CRC.c */; };
		152952B719908B3F00924FC3 /* GDataXMLNode.m in Sources */ = {isa = PBXBuildFile; fileRef = 152952B619908B3F00924FC3 /* GDataXMLNode.m */; settings = {COMPILER_FLAGS = "-fno-objc-arc"; }; };
		152952C819908B7200924FC3 /* SendResponseHandler.m in Sources */ = {isa = PBXBuildFile; fileRef = 152952BD19908B7200924FC3 /* SendResponseHandler.m */; };
		152952C919908B7200924FC3 /* UdpSocketUtil.m in Sources */ = {isa = PBXBuildFile; fileRef = 152952BF19908B7200924FC3 /* UdpSocketUtil.m */; };
		152952CA19908B7200924FC3 /* NetUtil.m in Sources */ = {isa = PBXBuildFile; fileRef = 152952C119908B7200924FC3 /* NetUtil.m */; };
		152952CB19908B7200924FC3 /* MessageUtil.m in Sources */ = {isa = PBXBuildFile; fileRef = 152952C319908B7200924FC3 /* MessageUtil.m */; };
		152952CC19908B7200924FC3 /* XMLUtil.m in Sources */ = {isa = PBXBuildFile; fileRef = 152952C519908B7200924FC3 /* XMLUtil.m */; };
		152952CD19908B7200924FC3 /* ViewUtil.m in Sources */ = {isa = PBXBuildFile; fileRef = 152952C719908B7200924FC3 /* ViewUtil.m */; };
		152952D11990A35000924FC3 /* libxml2.dylib in Frameworks */ = {isa = PBXBuildFile; fileRef = 152952D01990A35000924FC3 /* libxml2.dylib */; };
		152952D41990D01D00924FC3 /* BaseViewController.m in Sources */ = {isa = PBXBuildFile; fileRef = 152952D31990D01D00924FC3 /* BaseViewController.m */; };
		152952D71991BF4600924FC3 /* MenuViewController.m in Sources */ = {isa = PBXBuildFile; fileRef = 152952D61991BF4600924FC3 /* MenuViewController.m */; };
		152952DA1991BFF800924FC3 /* SwitchAndSceneViewController.m in Sources */ = {isa = PBXBuildFile; fileRef = 152952D91991BFF800924FC3 /* SwitchAndSceneViewController.m */; };
		15350EAE19B28EC400274760 /* SceneAddListCell.m in Sources */ = {isa = PBXBuildFile; fileRef = 15350EAD19B28EC400274760 /* SceneAddListCell.m */; };
		15350EB119B2905100274760 /* SceneAddView.m in Sources */ = {isa = PBXBuildFile; fileRef = 15350EB019B2905100274760 /* SceneAddView.m */; };
		156CB953199DE70D007A9C35 /* SwitchInfoViewController.m in Sources */ = {isa = PBXBuildFile; fileRef = 156CB952199DE70D007A9C35 /* SwitchInfoViewController.m */; };
		156CB956199DF84A007A9C35 /* WelcomeViewController.m in Sources */ = {isa = PBXBuildFile; fileRef = 156CB955199DF84A007A9C35 /* WelcomeViewController.m */; };
		1578096D19AC643C00F106FF /* HistoryElec.m in Sources */ = {isa = PBXBuildFile; fileRef = 1578096C19AC643C00F106FF /* HistoryElec.m */; };
		1578097019AD7D9200F106FF /* DelayTimeCountDownView.m in Sources */ = {isa = PBXBuildFile; fileRef = 1578096F19AD7D9200F106FF /* DelayTimeCountDownView.m */; };
		1587F4321991CCA40061EB86 /* SDZGSidePanelController.m in Sources */ = {isa = PBXBuildFile; fileRef = 1587F4311991CCA40061EB86 /* SDZGSidePanelController.m */; };
		1587F4351991DB6F0061EB86 /* AddSwitchViewController.m in Sources */ = {isa = PBXBuildFile; fileRef = 1587F4341991DB6F0061EB86 /* AddSwitchViewController.m */; };
		1587F439199208570061EB86 /* HelpViewController.m in Sources */ = {isa = PBXBuildFile; fileRef = 1587F438199208570061EB86 /* HelpViewController.m */; };
		1587F43C199208600061EB86 /* SettingViewController.m in Sources */ = {isa = PBXBuildFile; fileRef = 1587F43B199208600061EB86 /* SettingViewController.m */; };
		1587F43F199208690061EB86 /* AboutViewController.m in Sources */ = {isa = PBXBuildFile; fileRef = 1587F43E199208690061EB86 /* AboutViewController.m */; };
		1587F442199208D70061EB86 /* ShareViewController.m in Sources */ = {isa = PBXBuildFile; fileRef = 1587F441199208D70061EB86 /* ShareViewController.m */; };
		1587F44519920B460061EB86 /* AddModelViewController.m in Sources */ = {isa = PBXBuildFile; fileRef = 1587F44419920B460061EB86 /* AddModelViewController.m */; };
		1587F44819920B590061EB86 /* BuyViewController.m in Sources */ = {isa = PBXBuildFile; fileRef = 1587F44719920B590061EB86 /* BuyViewController.m */; };
		1587F44C199225EF0061EB86 /* AddSenceViewController.m in Sources */ = {isa = PBXBuildFile; fileRef = 1587F44B199225EF0061EB86 /* AddSenceViewController.m */; };
		1587F450199229210061EB86 /* LoginViewController.m in Sources */ = {isa = PBXBuildFile; fileRef = 1587F44F199229210061EB86 /* LoginViewController.m */; };
		1587F4531992292E0061EB86 /* RegisterViewController.m in Sources */ = {isa = PBXBuildFile; fileRef = 1587F4521992292D0061EB86 /* RegisterViewController.m */; };
		1587F456199230BB0061EB86 /* SDZGUserProtocolViewController.m in Sources */ = {isa = PBXBuildFile; fileRef = 1587F455199230BB0061EB86 /* SDZGUserProtocolViewController.m */; };
		1587F4591993133A0061EB86 /* SwitchTableView.m in Sources */ = {isa = PBXBuildFile; fileRef = 1587F4581993133A0061EB86 /* SwitchTableView.m */; };
		1587F45C199313570061EB86 /* SceneTableView.m in Sources */ = {isa = PBXBuildFile; fileRef = 1587F45B199313570061EB86 /* SceneTableView.m */; };
		1587F45F199315680061EB86 /* SwitchListCell.m in Sources */ = {isa = PBXBuildFile; fileRef = 1587F45E199315680061EB86 /* SwitchListCell.m */; };
		1587F462199315760061EB86 /* SceneListCell.m in Sources */ = {isa = PBXBuildFile; fileRef = 1587F461199315760061EB86 /* SceneListCell.m */; };
		15A7AC91199C4D7E00EED480 /* TimerEditViewController.m in Sources */ = {isa = PBXBuildFile; fileRef = 15A7AC90199C4D7E00EED480 /* TimerEditViewController.m */; };
		15A7AC94199C567900EED480 /* CycleViewController.m in Sources */ = {isa = PBXBuildFile; fileRef = 15A7AC93199C567900EED480 /* CycleViewController.m */; };
		15A7AC99199CA38900EED480 /* Localizable.strings in Resources */ = {isa = PBXBuildFile; fileRef = 15A7AC9B199CA38900EED480 /* Localizable.strings */; };
		15A7AC9E199CAE3100EED480 /* DelayViewController.m in Sources */ = {isa = PBXBuildFile; fileRef = 15A7AC9D199CAE3100EED480 /* DelayViewController.m */; };
		15B7A30A19A2F69B00C00342 /* SwitchDataCeneter.m in Sources */ = {isa = PBXBuildFile; fileRef = 15B7A30919A2F69B00C00342 /* SwitchDataCeneter.m */; };
		15B7A31319A31E6600C00342 /* SDZGSwitch.m in Sources */ = {isa = PBXBuildFile; fileRef = 15B7A31219A31E6600C00342 /* SDZGSwitch.m */; };
		15B941B119A6E0D8007339F8 /* UdpViewController.m in Sources */ = {isa = PBXBuildFile; fileRef = 15B941B019A6E0D8007339F8 /* UdpViewController.m */; };
		15BB6B281994DFF5004D447A /* InsetsTextField.m in Sources */ = {isa = PBXBuildFile; fileRef = 15BB6B271994DFF5004D447A /* InsetsTextField.m */; };
		15BC9E6219989E73006516D8 /* SwitchDetailViewController.m in Sources */ = {isa = PBXBuildFile; fileRef = 15BC9E6119989E73006516D8 /* SwitchDetailViewController.m */; };
		15BC9E651998BD61006516D8 /* SocketView.m in Sources */ = {isa = PBXBuildFile; fileRef = 15BC9E641998BD61006516D8 /* SocketView.m */; };
		15BC9E6A1999BA03006516D8 /* HistoryElectricityViewController.m in Sources */ = {isa = PBXBuildFile; fileRef = 15BC9E691999BA03006516D8 /* HistoryElectricityViewController.m */; };
		15BC9E71199B74B8006516D8 /* TimerViewController.m in Sources */ = {isa = PBXBuildFile; fileRef = 15BC9E70199B74B8006516D8 /* TimerViewController.m */; };
		15BC9E74199B74CE006516D8 /* TimerCell.m in Sources */ = {isa = PBXBuildFile; fileRef = 15BC9E73199B74CE006516D8 /* TimerCell.m */; };
		15BCC0B319AAF91900776E7D /* TimerCountdownView.m in Sources */ = {isa = PBXBuildFile; fileRef = 15BCC0B219AAF91900776E7D /* TimerCountdownView.m */; };
		15BCC0B619AB161700776E7D /* TimeDisplayView.m in Sources */ = {isa = PBXBuildFile; fileRef = 15BCC0B519AB161700776E7D /* TimeDisplayView.m */; };
		15E7F6101993189A00C46854 /* SwitchExpandCell.m in Sources */ = {isa = PBXBuildFile; fileRef = 15E7F60F1993189A00C46854 /* SwitchExpandCell.m */; };
		15E7F61319933A4300C46854 /* libFTC_DEBUG.a in Frameworks */ = {isa = PBXBuildFile; fileRef = 15E7F61119933A4300C46854 /* libFTC_DEBUG.a */; };
		4703A2DD19A0EA4E00F2E25F /* UdpRequest.m in Sources */ = {isa = PBXBuildFile; fileRef = 4703A2DC19A0EA4E00F2E25F /* UdpRequest.m */; };
		47109D7519A8E80D00F24B42 /* ElecRealTimeView.m in Sources */ = {isa = PBXBuildFile; fileRef = 47109D7419A8E80D00F24B42 /* ElecRealTimeView.m */; };
		47C07AF919AB7ECE00941CBD /* DB.m in Sources */ = {isa = PBXBuildFile; fileRef = 47C07AF819AB7ECE00941CBD /* DB.m */; };
		47ECC91019A9D4FC0070AFE2 /* HistoryElecView.m in Sources */ = {isa = PBXBuildFile; fileRef = 47ECC90F19A9D4FC0070AFE2 /* HistoryElecView.m */; };
		A5C618E8CDA540B5B4FD8868 /* libPods.a in Frameworks */ = {isa = PBXBuildFile; fileRef = F3A51A2AE54D4395A7991CCD /* libPods.a */; };
/* End PBXBuildFile section */

/* Begin PBXContainerItemProxy section */
		15295282199071F000924FC3 /* PBXContainerItemProxy */ = {
			isa = PBXContainerItemProxy;
			containerPortal = 15295251199071EF00924FC3 /* Project object */;
			proxyType = 1;
			remoteGlobalIDString = 15295258199071EF00924FC3;
			remoteInfo = SmartSwitch;
		};
/* End PBXContainerItemProxy section */

/* Begin PBXFileReference section */
		15295259199071EF00924FC3 /* SmartSwitch.app */ = {isa = PBXFileReference; explicitFileType = wrapper.application; includeInIndex = 0; path = SmartSwitch.app; sourceTree = BUILT_PRODUCTS_DIR; };
		1529525C199071EF00924FC3 /* Foundation.framework */ = {isa = PBXFileReference; lastKnownFileType = wrapper.framework; name = Foundation.framework; path = System/Library/Frameworks/Foundation.framework; sourceTree = SDKROOT; };
		1529525E199071EF00924FC3 /* CoreGraphics.framework */ = {isa = PBXFileReference; lastKnownFileType = wrapper.framework; name = CoreGraphics.framework; path = System/Library/Frameworks/CoreGraphics.framework; sourceTree = SDKROOT; };
		15295260199071EF00924FC3 /* UIKit.framework */ = {isa = PBXFileReference; lastKnownFileType = wrapper.framework; name = UIKit.framework; path = System/Library/Frameworks/UIKit.framework; sourceTree = SDKROOT; };
		15295264199071EF00924FC3 /* SmartSwitch-Info.plist */ = {isa = PBXFileReference; lastKnownFileType = text.plist.xml; path = "SmartSwitch-Info.plist"; sourceTree = "<group>"; };
		15295266199071EF00924FC3 /* en */ = {isa = PBXFileReference; lastKnownFileType = text.plist.strings; name = en; path = en.lproj/InfoPlist.strings; sourceTree = "<group>"; };
		15295268199071EF00924FC3 /* main.m */ = {isa = PBXFileReference; lastKnownFileType = sourcecode.c.objc; path = main.m; sourceTree = "<group>"; };
		1529526A199071EF00924FC3 /* SmartSwitch-Prefix.pch */ = {isa = PBXFileReference; lastKnownFileType = sourcecode.c.h; path = "SmartSwitch-Prefix.pch"; sourceTree = "<group>"; };
		1529526B199071F000924FC3 /* AppDelegate.h */ = {isa = PBXFileReference; lastKnownFileType = sourcecode.c.h; path = AppDelegate.h; sourceTree = "<group>"; };
		1529526C199071F000924FC3 /* AppDelegate.m */ = {isa = PBXFileReference; lastKnownFileType = sourcecode.c.objc; path = AppDelegate.m; sourceTree = "<group>"; };
		1529526F199071F000924FC3 /* Base */ = {isa = PBXFileReference; lastKnownFileType = file.storyboard; name = Base; path = Base.lproj/Main.storyboard; sourceTree = "<group>"; };
		15295277199071F000924FC3 /* Images.xcassets */ = {isa = PBXFileReference; lastKnownFileType = folder.assetcatalog; path = Images.xcassets; sourceTree = "<group>"; };
		1529527D199071F000924FC3 /* SmartSwitchTests.xctest */ = {isa = PBXFileReference; explicitFileType = wrapper.cfbundle; includeInIndex = 0; path = SmartSwitchTests.xctest; sourceTree = BUILT_PRODUCTS_DIR; };
		1529527E199071F000924FC3 /* XCTest.framework */ = {isa = PBXFileReference; lastKnownFileType = wrapper.framework; name = XCTest.framework; path = Library/Frameworks/XCTest.framework; sourceTree = DEVELOPER_DIR; };
		15295286199071F000924FC3 /* SmartSwitchTests-Info.plist */ = {isa = PBXFileReference; lastKnownFileType = text.plist.xml; path = "SmartSwitchTests-Info.plist"; sourceTree = "<group>"; };
		15295288199071F000924FC3 /* en */ = {isa = PBXFileReference; lastKnownFileType = text.plist.strings; name = en; path = en.lproj/InfoPlist.strings; sourceTree = "<group>"; };
		1529528A199071F000924FC3 /* SmartSwitchTests.m */ = {isa = PBXFileReference; lastKnownFileType = sourcecode.c.objc; path = SmartSwitchTests.m; sourceTree = "<group>"; };
		152952971990810600924FC3 /* FirstTimeConfig.h */ = {isa = PBXFileReference; fileEncoding = 4; lastKnownFileType = sourcecode.c.h; path = FirstTimeConfig.h; sourceTree = "<group>"; };
		1529529B1990899400924FC3 /* CC3xMessage.h */ = {isa = PBXFileReference; fileEncoding = 4; lastKnownFileType = sourcecode.c.h; path = CC3xMessage.h; sourceTree = "<group>"; };
		1529529C1990899400924FC3 /* CC3xMessage.m */ = {isa = PBXFileReference; fileEncoding = 4; lastKnownFileType = sourcecode.c.objc; path = CC3xMessage.m; sourceTree = "<group>"; };
		1529529D1990899400924FC3 /* CC3xMoreAction.h */ = {isa = PBXFileReference; fileEncoding = 4; lastKnownFileType = sourcecode.c.h; path = CC3xMoreAction.h; sourceTree = "<group>"; };
		1529529E1990899400924FC3 /* CC3xMoreAction.m */ = {isa = PBXFileReference; fileEncoding = 4; lastKnownFileType = sourcecode.c.objc; path = CC3xMoreAction.m; sourceTree = "<group>"; };
		1529529F1990899400924FC3 /* CC3xServerInfo.h */ = {isa = PBXFileReference; fileEncoding = 4; lastKnownFileType = sourcecode.c.h; path = CC3xServerInfo.h; sourceTree = "<group>"; };
		152952A01990899400924FC3 /* CC3xServerInfo.m */ = {isa = PBXFileReference; fileEncoding = 4; lastKnownFileType = sourcecode.c.objc; path = CC3xServerInfo.m; sourceTree = "<group>"; };
		152952A11990899400924FC3 /* CC3xSwitch.h */ = {isa = PBXFileReference; fileEncoding = 4; lastKnownFileType = sourcecode.c.h; path = CC3xSwitch.h; sourceTree = "<group>"; };
		152952A21990899400924FC3 /* CC3xSwitch.m */ = {isa = PBXFileReference; fileEncoding = 4; lastKnownFileType = sourcecode.c.objc; path = CC3xSwitch.m; sourceTree = "<group>"; };
		152952A31990899400924FC3 /* CC3xTimerTask.h */ = {isa = PBXFileReference; fileEncoding = 4; lastKnownFileType = sourcecode.c.h; path = CC3xTimerTask.h; sourceTree = "<group>"; };
		152952A41990899400924FC3 /* CC3xTimerTask.m */ = {isa = PBXFileReference; fileEncoding = 4; lastKnownFileType = sourcecode.c.objc; path = CC3xTimerTask.m; sourceTree = "<group>"; };
		152952AA1990899F00924FC3 /* CC3xAPManager.h */ = {isa = PBXFileReference; fileEncoding = 4; lastKnownFileType = sourcecode.c.h; path = CC3xAPManager.h; sourceTree = "<group>"; };
		152952AB1990899F00924FC3 /* CC3xAPManager.m */ = {isa = PBXFileReference; fileEncoding = 4; lastKnownFileType = sourcecode.c.objc; path = CC3xAPManager.m; sourceTree = "<group>"; };
		152952AC1990899F00924FC3 /* CC3xHeader.h */ = {isa = PBXFileReference; fileEncoding = 4; lastKnownFileType = sourcecode.c.h; path = CC3xHeader.h; sourceTree = "<group>"; };
		152952AD1990899F00924FC3 /* CC3xUtility.h */ = {isa = PBXFileReference; fileEncoding = 4; lastKnownFileType = sourcecode.c.h; path = CC3xUtility.h; sourceTree = "<group>"; };
		152952AE1990899F00924FC3 /* CC3xUtility.m */ = {isa = PBXFileReference; fileEncoding = 4; lastKnownFileType = sourcecode.c.objc; path = CC3xUtility.m; sourceTree = "<group>"; };
		152952B1199089B100924FC3 /* CRC.h */ = {isa = PBXFileReference; fileEncoding = 4; lastKnownFileType = sourcecode.c.h; path = CRC.h; sourceTree = "<group>"; };
		152952B2199089B100924FC3 /* CRC.c */ = {isa = PBXFileReference; fileEncoding = 4; lastKnownFileType = sourcecode.c.c; path = CRC.c; sourceTree = "<group>"; };
		152952B519908B3F00924FC3 /* GDataXMLNode.h */ = {isa = PBXFileReference; fileEncoding = 4; lastKnownFileType = sourcecode.c.h; path = GDataXMLNode.h; sourceTree = "<group>"; };
		152952B619908B3F00924FC3 /* GDataXMLNode.m */ = {isa = PBXFileReference; fileEncoding = 4; lastKnownFileType = sourcecode.c.objc; path = GDataXMLNode.m; sourceTree = "<group>"; };
		152952BC19908B7200924FC3 /* SendResponseHandler.h */ = {isa = PBXFileReference; fileEncoding = 4; lastKnownFileType = sourcecode.c.h; path = SendResponseHandler.h; sourceTree = "<group>"; };
		152952BD19908B7200924FC3 /* SendResponseHandler.m */ = {isa = PBXFileReference; fileEncoding = 4; lastKnownFileType = sourcecode.c.objc; path = SendResponseHandler.m; sourceTree = "<group>"; };
		152952BE19908B7200924FC3 /* UdpSocketUtil.h */ = {isa = PBXFileReference; fileEncoding = 4; lastKnownFileType = sourcecode.c.h; path = UdpSocketUtil.h; sourceTree = "<group>"; };
		152952BF19908B7200924FC3 /* UdpSocketUtil.m */ = {isa = PBXFileReference; fileEncoding = 4; lastKnownFileType = sourcecode.c.objc; path = UdpSocketUtil.m; sourceTree = "<group>"; };
		152952C019908B7200924FC3 /* NetUtil.h */ = {isa = PBXFileReference; fileEncoding = 4; lastKnownFileType = sourcecode.c.h; path = NetUtil.h; sourceTree = "<group>"; };
		152952C119908B7200924FC3 /* NetUtil.m */ = {isa = PBXFileReference; fileEncoding = 4; lastKnownFileType = sourcecode.c.objc; path = NetUtil.m; sourceTree = "<group>"; };
		152952C219908B7200924FC3 /* MessageUtil.h */ = {isa = PBXFileReference; fileEncoding = 4; lastKnownFileType = sourcecode.c.h; path = MessageUtil.h; sourceTree = "<group>"; };
		152952C319908B7200924FC3 /* MessageUtil.m */ = {isa = PBXFileReference; fileEncoding = 4; lastKnownFileType = sourcecode.c.objc; path = MessageUtil.m; sourceTree = "<group>"; };
		152952C419908B7200924FC3 /* XMLUtil.h */ = {isa = PBXFileReference; fileEncoding = 4; lastKnownFileType = sourcecode.c.h; path = XMLUtil.h; sourceTree = "<group>"; };
		152952C519908B7200924FC3 /* XMLUtil.m */ = {isa = PBXFileReference; fileEncoding = 4; lastKnownFileType = sourcecode.c.objc; path = XMLUtil.m; sourceTree = "<group>"; };
		152952C619908B7200924FC3 /* ViewUtil.h */ = {isa = PBXFileReference; fileEncoding = 4; lastKnownFileType = sourcecode.c.h; path = ViewUtil.h; sourceTree = "<group>"; };
		152952C719908B7200924FC3 /* ViewUtil.m */ = {isa = PBXFileReference; fileEncoding = 4; lastKnownFileType = sourcecode.c.objc; path = ViewUtil.m; sourceTree = "<group>"; };
		152952CF19908BB800924FC3 /* PassValueDelegate.h */ = {isa = PBXFileReference; fileEncoding = 4; lastKnownFileType = sourcecode.c.h; path = PassValueDelegate.h; sourceTree = "<group>"; };
		152952D01990A35000924FC3 /* libxml2.dylib */ = {isa = PBXFileReference; lastKnownFileType = "compiled.mach-o.dylib"; name = libxml2.dylib; path = usr/lib/libxml2.dylib; sourceTree = SDKROOT; };
		152952D21990D01D00924FC3 /* BaseViewController.h */ = {isa = PBXFileReference; fileEncoding = 4; lastKnownFileType = sourcecode.c.h; path = BaseViewController.h; sourceTree = "<group>"; };
		152952D31990D01D00924FC3 /* BaseViewController.m */ = {isa = PBXFileReference; fileEncoding = 4; lastKnownFileType = sourcecode.c.objc; path = BaseViewController.m; sourceTree = "<group>"; };
		152952D51991BF4600924FC3 /* MenuViewController.h */ = {isa = PBXFileReference; fileEncoding = 4; lastKnownFileType = sourcecode.c.h; path = MenuViewController.h; sourceTree = "<group>"; };
		152952D61991BF4600924FC3 /* MenuViewController.m */ = {isa = PBXFileReference; fileEncoding = 4; lastKnownFileType = sourcecode.c.objc; path = MenuViewController.m; sourceTree = "<group>"; };
		152952D81991BFF800924FC3 /* SwitchAndSceneViewController.h */ = {isa = PBXFileReference; fileEncoding = 4; lastKnownFileType = sourcecode.c.h; path = SwitchAndSceneViewController.h; sourceTree = "<group>"; };
		152952D91991BFF800924FC3 /* SwitchAndSceneViewController.m */ = {isa = PBXFileReference; fileEncoding = 4; lastKnownFileType = sourcecode.c.objc; path = SwitchAndSceneViewController.m; sourceTree = "<group>"; };
		15350EAC19B28EC400274760 /* SceneAddListCell.h */ = {isa = PBXFileReference; fileEncoding = 4; lastKnownFileType = sourcecode.c.h; path = SceneAddListCell.h; sourceTree = "<group>"; };
		15350EAD19B28EC400274760 /* SceneAddListCell.m */ = {isa = PBXFileReference; fileEncoding = 4; lastKnownFileType = sourcecode.c.objc; path = SceneAddListCell.m; sourceTree = "<group>"; };
		15350EAF19B2905100274760 /* SceneAddView.h */ = {isa = PBXFileReference; fileEncoding = 4; lastKnownFileType = sourcecode.c.h; path = SceneAddView.h; sourceTree = "<group>"; };
		15350EB019B2905100274760 /* SceneAddView.m */ = {isa = PBXFileReference; fileEncoding = 4; lastKnownFileType = sourcecode.c.objc; path = SceneAddView.m; sourceTree = "<group>"; };
		156CB951199DE70D007A9C35 /* SwitchInfoViewController.h */ = {isa = PBXFileReference; fileEncoding = 4; lastKnownFileType = sourcecode.c.h; path = SwitchInfoViewController.h; sourceTree = "<group>"; };
		156CB952199DE70D007A9C35 /* SwitchInfoViewController.m */ = {isa = PBXFileReference; fileEncoding = 4; lastKnownFileType = sourcecode.c.objc; path = SwitchInfoViewController.m; sourceTree = "<group>"; };
		156CB954199DF84A007A9C35 /* WelcomeViewController.h */ = {isa = PBXFileReference; fileEncoding = 4; lastKnownFileType = sourcecode.c.h; path = WelcomeViewController.h; sourceTree = "<group>"; };
		156CB955199DF84A007A9C35 /* WelcomeViewController.m */ = {isa = PBXFileReference; fileEncoding = 4; lastKnownFileType = sourcecode.c.objc; path = WelcomeViewController.m; sourceTree = "<group>"; };
		1578096B19AC643C00F106FF /* HistoryElec.h */ = {isa = PBXFileReference; fileEncoding = 4; lastKnownFileType = sourcecode.c.h; path = HistoryElec.h; sourceTree = "<group>"; };
		1578096C19AC643C00F106FF /* HistoryElec.m */ = {isa = PBXFileReference; fileEncoding = 4; lastKnownFileType = sourcecode.c.objc; path = HistoryElec.m; sourceTree = "<group>"; };
		1578096E19AD7D9200F106FF /* DelayTimeCountDownView.h */ = {isa = PBXFileReference; fileEncoding = 4; lastKnownFileType = sourcecode.c.h; path = DelayTimeCountDownView.h; sourceTree = "<group>"; };
		1578096F19AD7D9200F106FF /* DelayTimeCountDownView.m */ = {isa = PBXFileReference; fileEncoding = 4; lastKnownFileType = sourcecode.c.objc; path = DelayTimeCountDownView.m; sourceTree = "<group>"; };
		1587F4301991CCA40061EB86 /* SDZGSidePanelController.h */ = {isa = PBXFileReference; fileEncoding = 4; lastKnownFileType = sourcecode.c.h; path = SDZGSidePanelController.h; sourceTree = "<group>"; };
		1587F4311991CCA40061EB86 /* SDZGSidePanelController.m */ = {isa = PBXFileReference; fileEncoding = 4; lastKnownFileType = sourcecode.c.objc; path = SDZGSidePanelController.m; sourceTree = "<group>"; };
		1587F4331991DB6F0061EB86 /* AddSwitchViewController.h */ = {isa = PBXFileReference; fileEncoding = 4; lastKnownFileType = sourcecode.c.h; path = AddSwitchViewController.h; sourceTree = "<group>"; };
		1587F4341991DB6F0061EB86 /* AddSwitchViewController.m */ = {isa = PBXFileReference; fileEncoding = 4; lastKnownFileType = sourcecode.c.objc; path = AddSwitchViewController.m; sourceTree = "<group>"; };
		1587F437199208570061EB86 /* HelpViewController.h */ = {isa = PBXFileReference; fileEncoding = 4; lastKnownFileType = sourcecode.c.h; path = HelpViewController.h; sourceTree = "<group>"; };
		1587F438199208570061EB86 /* HelpViewController.m */ = {isa = PBXFileReference; fileEncoding = 4; lastKnownFileType = sourcecode.c.objc; path = HelpViewController.m; sourceTree = "<group>"; };
		1587F43A199208600061EB86 /* SettingViewController.h */ = {isa = PBXFileReference; fileEncoding = 4; lastKnownFileType = sourcecode.c.h; path = SettingViewController.h; sourceTree = "<group>"; };
		1587F43B199208600061EB86 /* SettingViewController.m */ = {isa = PBXFileReference; fileEncoding = 4; lastKnownFileType = sourcecode.c.objc; path = SettingViewController.m; sourceTree = "<group>"; };
		1587F43D199208690061EB86 /* AboutViewController.h */ = {isa = PBXFileReference; fileEncoding = 4; lastKnownFileType = sourcecode.c.h; path = AboutViewController.h; sourceTree = "<group>"; };
		1587F43E199208690061EB86 /* AboutViewController.m */ = {isa = PBXFileReference; fileEncoding = 4; lastKnownFileType = sourcecode.c.objc; path = AboutViewController.m; sourceTree = "<group>"; };
		1587F440199208D70061EB86 /* ShareViewController.h */ = {isa = PBXFileReference; fileEncoding = 4; lastKnownFileType = sourcecode.c.h; path = ShareViewController.h; sourceTree = "<group>"; };
		1587F441199208D70061EB86 /* ShareViewController.m */ = {isa = PBXFileReference; fileEncoding = 4; lastKnownFileType = sourcecode.c.objc; path = ShareViewController.m; sourceTree = "<group>"; };
		1587F44319920B460061EB86 /* AddModelViewController.h */ = {isa = PBXFileReference; fileEncoding = 4; lastKnownFileType = sourcecode.c.h; path = AddModelViewController.h; sourceTree = "<group>"; };
		1587F44419920B460061EB86 /* AddModelViewController.m */ = {isa = PBXFileReference; fileEncoding = 4; lastKnownFileType = sourcecode.c.objc; path = AddModelViewController.m; sourceTree = "<group>"; };
		1587F44619920B590061EB86 /* BuyViewController.h */ = {isa = PBXFileReference; fileEncoding = 4; lastKnownFileType = sourcecode.c.h; path = BuyViewController.h; sourceTree = "<group>"; };
		1587F44719920B590061EB86 /* BuyViewController.m */ = {isa = PBXFileReference; fileEncoding = 4; lastKnownFileType = sourcecode.c.objc; path = BuyViewController.m; sourceTree = "<group>"; };
		1587F44A199225EF0061EB86 /* AddSenceViewController.h */ = {isa = PBXFileReference; fileEncoding = 4; lastKnownFileType = sourcecode.c.h; path = AddSenceViewController.h; sourceTree = "<group>"; };
		1587F44B199225EF0061EB86 /* AddSenceViewController.m */ = {isa = PBXFileReference; fileEncoding = 4; lastKnownFileType = sourcecode.c.objc; path = AddSenceViewController.m; sourceTree = "<group>"; };
		1587F44E199229210061EB86 /* LoginViewController.h */ = {isa = PBXFileReference; fileEncoding = 4; lastKnownFileType = sourcecode.c.h; path = LoginViewController.h; sourceTree = "<group>"; };
		1587F44F199229210061EB86 /* LoginViewController.m */ = {isa = PBXFileReference; fileEncoding = 4; lastKnownFileType = sourcecode.c.objc; path = LoginViewController.m; sourceTree = "<group>"; };
		1587F4511992292D0061EB86 /* RegisterViewController.h */ = {isa = PBXFileReference; fileEncoding = 4; lastKnownFileType = sourcecode.c.h; path = RegisterViewController.h; sourceTree = "<group>"; };
		1587F4521992292D0061EB86 /* RegisterViewController.m */ = {isa = PBXFileReference; fileEncoding = 4; lastKnownFileType = sourcecode.c.objc; path = RegisterViewController.m; sourceTree = "<group>"; };
		1587F454199230BB0061EB86 /* SDZGUserProtocolViewController.h */ = {isa = PBXFileReference; fileEncoding = 4; lastKnownFileType = sourcecode.c.h; path = SDZGUserProtocolViewController.h; sourceTree = "<group>"; };
		1587F455199230BB0061EB86 /* SDZGUserProtocolViewController.m */ = {isa = PBXFileReference; fileEncoding = 4; lastKnownFileType = sourcecode.c.objc; path = SDZGUserProtocolViewController.m; sourceTree = "<group>"; };
		1587F4571993133A0061EB86 /* SwitchTableView.h */ = {isa = PBXFileReference; fileEncoding = 4; lastKnownFileType = sourcecode.c.h; path = SwitchTableView.h; sourceTree = "<group>"; };
		1587F4581993133A0061EB86 /* SwitchTableView.m */ = {isa = PBXFileReference; fileEncoding = 4; lastKnownFileType = sourcecode.c.objc; path = SwitchTableView.m; sourceTree = "<group>"; };
		1587F45A199313560061EB86 /* SceneTableView.h */ = {isa = PBXFileReference; fileEncoding = 4; lastKnownFileType = sourcecode.c.h; path = SceneTableView.h; sourceTree = "<group>"; };
		1587F45B199313570061EB86 /* SceneTableView.m */ = {isa = PBXFileReference; fileEncoding = 4; lastKnownFileType = sourcecode.c.objc; path = SceneTableView.m; sourceTree = "<group>"; };
		1587F45D199315680061EB86 /* SwitchListCell.h */ = {isa = PBXFileReference; fileEncoding = 4; lastKnownFileType = sourcecode.c.h; path = SwitchListCell.h; sourceTree = "<group>"; };
		1587F45E199315680061EB86 /* SwitchListCell.m */ = {isa = PBXFileReference; fileEncoding = 4; lastKnownFileType = sourcecode.c.objc; path = SwitchListCell.m; sourceTree = "<group>"; };
		1587F460199315760061EB86 /* SceneListCell.h */ = {isa = PBXFileReference; fileEncoding = 4; lastKnownFileType = sourcecode.c.h; path = SceneListCell.h; sourceTree = "<group>"; };
		1587F461199315760061EB86 /* SceneListCell.m */ = {isa = PBXFileReference; fileEncoding = 4; lastKnownFileType = sourcecode.c.objc; path = SceneListCell.m; sourceTree = "<group>"; };
		15A7AC8F199C4D7E00EED480 /* TimerEditViewController.h */ = {isa = PBXFileReference; fileEncoding = 4; lastKnownFileType = sourcecode.c.h; path = TimerEditViewController.h; sourceTree = "<group>"; };
		15A7AC90199C4D7E00EED480 /* TimerEditViewController.m */ = {isa = PBXFileReference; fileEncoding = 4; lastKnownFileType = sourcecode.c.objc; path = TimerEditViewController.m; sourceTree = "<group>"; };
		15A7AC92199C567900EED480 /* CycleViewController.h */ = {isa = PBXFileReference; fileEncoding = 4; lastKnownFileType = sourcecode.c.h; path = CycleViewController.h; sourceTree = "<group>"; };
		15A7AC93199C567900EED480 /* CycleViewController.m */ = {isa = PBXFileReference; fileEncoding = 4; lastKnownFileType = sourcecode.c.objc; path = CycleViewController.m; sourceTree = "<group>"; };
		15A7AC95199CA2F500EED480 /* zh-Hans */ = {isa = PBXFileReference; lastKnownFileType = text.plist.strings; name = "zh-Hans"; path = "zh-Hans.lproj/InfoPlist.strings"; sourceTree = "<group>"; };
		15A7AC96199CA2F500EED480 /* zh-Hans */ = {isa = PBXFileReference; lastKnownFileType = text.plist.strings; name = "zh-Hans"; path = "zh-Hans.lproj/InfoPlist.strings"; sourceTree = "<group>"; };
		15A7AC9A199CA38900EED480 /* zh-Hans */ = {isa = PBXFileReference; lastKnownFileType = text.plist.strings; name = "zh-Hans"; path = "zh-Hans.lproj/Localizable.strings"; sourceTree = "<group>"; };
		15A7AC9C199CAE3000EED480 /* DelayViewController.h */ = {isa = PBXFileReference; fileEncoding = 4; lastKnownFileType = sourcecode.c.h; path = DelayViewController.h; sourceTree = "<group>"; };
		15A7AC9D199CAE3100EED480 /* DelayViewController.m */ = {isa = PBXFileReference; fileEncoding = 4; lastKnownFileType = sourcecode.c.objc; path = DelayViewController.m; sourceTree = "<group>"; };
		15B7A30819A2F69B00C00342 /* SwitchDataCeneter.h */ = {isa = PBXFileReference; fileEncoding = 4; lastKnownFileType = sourcecode.c.h; path = SwitchDataCeneter.h; sourceTree = "<group>"; };
		15B7A30919A2F69B00C00342 /* SwitchDataCeneter.m */ = {isa = PBXFileReference; fileEncoding = 4; lastKnownFileType = sourcecode.c.objc; path = SwitchDataCeneter.m; sourceTree = "<group>"; };
		15B7A31119A31E6600C00342 /* SDZGSwitch.h */ = {isa = PBXFileReference; fileEncoding = 4; lastKnownFileType = sourcecode.c.h; name = SDZGSwitch.h; path = ../SDZGSwitch.h; sourceTree = "<group>"; };
		15B7A31219A31E6600C00342 /* SDZGSwitch.m */ = {isa = PBXFileReference; fileEncoding = 4; lastKnownFileType = sourcecode.c.objc; name = SDZGSwitch.m; path = ../SDZGSwitch.m; sourceTree = "<group>"; };
		15B941AF19A6E0D8007339F8 /* UdpViewController.h */ = {isa = PBXFileReference; fileEncoding = 4; lastKnownFileType = sourcecode.c.h; path = UdpViewController.h; sourceTree = "<group>"; };
		15B941B019A6E0D8007339F8 /* UdpViewController.m */ = {isa = PBXFileReference; fileEncoding = 4; lastKnownFileType = sourcecode.c.objc; path = UdpViewController.m; sourceTree = "<group>"; };
		15BB6B261994DFF5004D447A /* InsetsTextField.h */ = {isa = PBXFileReference; fileEncoding = 4; lastKnownFileType = sourcecode.c.h; path = InsetsTextField.h; sourceTree = "<group>"; };
		15BB6B271994DFF5004D447A /* InsetsTextField.m */ = {isa = PBXFileReference; fileEncoding = 4; lastKnownFileType = sourcecode.c.objc; path = InsetsTextField.m; sourceTree = "<group>"; };
		15BC9E6019989E73006516D8 /* SwitchDetailViewController.h */ = {isa = PBXFileReference; fileEncoding = 4; lastKnownFileType = sourcecode.c.h; path = SwitchDetailViewController.h; sourceTree = "<group>"; };
		15BC9E6119989E73006516D8 /* SwitchDetailViewController.m */ = {isa = PBXFileReference; fileEncoding = 4; lastKnownFileType = sourcecode.c.objc; path = SwitchDetailViewController.m; sourceTree = "<group>"; };
		15BC9E631998BD61006516D8 /* SocketView.h */ = {isa = PBXFileReference; fileEncoding = 4; lastKnownFileType = sourcecode.c.h; path = SocketView.h; sourceTree = "<group>"; };
		15BC9E641998BD61006516D8 /* SocketView.m */ = {isa = PBXFileReference; fileEncoding = 4; lastKnownFileType = sourcecode.c.objc; path = SocketView.m; sourceTree = "<group>"; };
		15BC9E681999BA03006516D8 /* HistoryElectricityViewController.h */ = {isa = PBXFileReference; fileEncoding = 4; lastKnownFileType = sourcecode.c.h; path = HistoryElectricityViewController.h; sourceTree = "<group>"; };
		15BC9E691999BA03006516D8 /* HistoryElectricityViewController.m */ = {isa = PBXFileReference; fileEncoding = 4; lastKnownFileType = sourcecode.c.objc; path = HistoryElectricityViewController.m; sourceTree = "<group>"; };
		15BC9E6F199B74B8006516D8 /* TimerViewController.h */ = {isa = PBXFileReference; fileEncoding = 4; lastKnownFileType = sourcecode.c.h; path = TimerViewController.h; sourceTree = "<group>"; };
		15BC9E70199B74B8006516D8 /* TimerViewController.m */ = {isa = PBXFileReference; fileEncoding = 4; lastKnownFileType = sourcecode.c.objc; path = TimerViewController.m; sourceTree = "<group>"; };
		15BC9E72199B74CE006516D8 /* TimerCell.h */ = {isa = PBXFileReference; fileEncoding = 4; lastKnownFileType = sourcecode.c.h; path = TimerCell.h; sourceTree = "<group>"; };
		15BC9E73199B74CE006516D8 /* TimerCell.m */ = {isa = PBXFileReference; fileEncoding = 4; lastKnownFileType = sourcecode.c.objc; path = TimerCell.m; sourceTree = "<group>"; };
		15BCC0B119AAF91900776E7D /* TimerCountdownView.h */ = {isa = PBXFileReference; fileEncoding = 4; lastKnownFileType = sourcecode.c.h; path = TimerCountdownView.h; sourceTree = "<group>"; };
		15BCC0B219AAF91900776E7D /* TimerCountdownView.m */ = {isa = PBXFileReference; fileEncoding = 4; lastKnownFileType = sourcecode.c.objc; path = TimerCountdownView.m; sourceTree = "<group>"; };
		15BCC0B419AB161700776E7D /* TimeDisplayView.h */ = {isa = PBXFileReference; fileEncoding = 4; lastKnownFileType = sourcecode.c.h; path = TimeDisplayView.h; sourceTree = "<group>"; };
		15BCC0B519AB161700776E7D /* TimeDisplayView.m */ = {isa = PBXFileReference; fileEncoding = 4; lastKnownFileType = sourcecode.c.objc; path = TimeDisplayView.m; sourceTree = "<group>"; };
		15E7F60E1993189A00C46854 /* SwitchExpandCell.h */ = {isa = PBXFileReference; fileEncoding = 4; lastKnownFileType = sourcecode.c.h; path = SwitchExpandCell.h; sourceTree = "<group>"; };
		15E7F60F1993189A00C46854 /* SwitchExpandCell.m */ = {isa = PBXFileReference; fileEncoding = 4; lastKnownFileType = sourcecode.c.objc; path = SwitchExpandCell.m; sourceTree = "<group>"; };
		15E7F61119933A4300C46854 /* libFTC_DEBUG.a */ = {isa = PBXFileReference; lastKnownFileType = archive.ar; path = libFTC_DEBUG.a; sourceTree = "<group>"; };
		15E7F61219933A4300C46854 /* libFTC_RELEASE.a */ = {isa = PBXFileReference; lastKnownFileType = archive.ar; path = libFTC_RELEASE.a; sourceTree = "<group>"; };
		4703A2DB19A0EA4E00F2E25F /* UdpRequest.h */ = {isa = PBXFileReference; fileEncoding = 4; lastKnownFileType = sourcecode.c.h; path = UdpRequest.h; sourceTree = "<group>"; };
		4703A2DC19A0EA4E00F2E25F /* UdpRequest.m */ = {isa = PBXFileReference; fileEncoding = 4; lastKnownFileType = sourcecode.c.objc; path = UdpRequest.m; sourceTree = "<group>"; };
		47109D7319A8E80D00F24B42 /* ElecRealTimeView.h */ = {isa = PBXFileReference; fileEncoding = 4; lastKnownFileType = sourcecode.c.h; path = ElecRealTimeView.h; sourceTree = "<group>"; };
		47109D7419A8E80D00F24B42 /* ElecRealTimeView.m */ = {isa = PBXFileReference; fileEncoding = 4; lastKnownFileType = sourcecode.c.objc; path = ElecRealTimeView.m; sourceTree = "<group>"; };
		47B77F1B19A63B1C005EFDFD /* MacroUtils.h */ = {isa = PBXFileReference; lastKnownFileType = sourcecode.c.h; path = MacroUtils.h; sourceTree = "<group>"; };
		47C07AF719AB7ECE00941CBD /* DB.h */ = {isa = PBXFileReference; fileEncoding = 4; lastKnownFileType = sourcecode.c.h; name = DB.h; path = SmartSwitch/DB.h; sourceTree = "<group>"; };
		47C07AF819AB7ECE00941CBD /* DB.m */ = {isa = PBXFileReference; fileEncoding = 4; lastKnownFileType = sourcecode.c.objc; name = DB.m; path = SmartSwitch/DB.m; sourceTree = "<group>"; };
		47ECC90E19A9D4FC0070AFE2 /* HistoryElecView.h */ = {isa = PBXFileReference; fileEncoding = 4; lastKnownFileType = sourcecode.c.h; path = HistoryElecView.h; sourceTree = "<group>"; };
		47ECC90F19A9D4FC0070AFE2 /* HistoryElecView.m */ = {isa = PBXFileReference; fileEncoding = 4; lastKnownFileType = sourcecode.c.objc; path = HistoryElecView.m; sourceTree = "<group>"; };
		CABB3F26A985482997979951 /* Pods.xcconfig */ = {isa = PBXFileReference; includeInIndex = 1; lastKnownFileType = text.xcconfig; name = Pods.xcconfig; path = Pods/Pods.xcconfig; sourceTree = "<group>"; };
		F3A51A2AE54D4395A7991CCD /* libPods.a */ = {isa = PBXFileReference; explicitFileType = archive.ar; includeInIndex = 0; path = libPods.a; sourceTree = BUILT_PRODUCTS_DIR; };
/* End PBXFileReference section */

/* Begin PBXFrameworksBuildPhase section */
		15295256199071EF00924FC3 /* Frameworks */ = {
			isa = PBXFrameworksBuildPhase;
			buildActionMask = 2147483647;
			files = (
				152952D11990A35000924FC3 /* libxml2.dylib in Frameworks */,
				15E7F61319933A4300C46854 /* libFTC_DEBUG.a in Frameworks */,
				1529525F199071EF00924FC3 /* CoreGraphics.framework in Frameworks */,
				15295261199071EF00924FC3 /* UIKit.framework in Frameworks */,
				1529525D199071EF00924FC3 /* Foundation.framework in Frameworks */,
				A5C618E8CDA540B5B4FD8868 /* libPods.a in Frameworks */,
			);
			runOnlyForDeploymentPostprocessing = 0;
		};
		1529527A199071F000924FC3 /* Frameworks */ = {
			isa = PBXFrameworksBuildPhase;
			buildActionMask = 2147483647;
			files = (
				1529527F199071F000924FC3 /* XCTest.framework in Frameworks */,
				15295281199071F000924FC3 /* UIKit.framework in Frameworks */,
				15295280199071F000924FC3 /* Foundation.framework in Frameworks */,
			);
			runOnlyForDeploymentPostprocessing = 0;
		};
/* End PBXFrameworksBuildPhase section */

/* Begin PBXGroup section */
		15295250199071EF00924FC3 = {
			isa = PBXGroup;
			children = (
				152952BB19908B5E00924FC3 /* Util */,
				152952B419908B2100924FC3 /* thridparty */,
				1529529A1990897B00924FC3 /* CC3x */,
				15295294199080DE00924FC3 /* ti */,
				15295262199071EF00924FC3 /* SmartSwitch */,
				15295284199071F000924FC3 /* SmartSwitchTests */,
				1529525B199071EF00924FC3 /* Frameworks */,
				1529525A199071EF00924FC3 /* Products */,
				CABB3F26A985482997979951 /* Pods.xcconfig */,
			);
			sourceTree = "<group>";
		};
		1529525A199071EF00924FC3 /* Products */ = {
			isa = PBXGroup;
			children = (
				15295259199071EF00924FC3 /* SmartSwitch.app */,
				1529527D199071F000924FC3 /* SmartSwitchTests.xctest */,
			);
			name = Products;
			sourceTree = "<group>";
		};
		1529525B199071EF00924FC3 /* Frameworks */ = {
			isa = PBXGroup;
			children = (
				152952D01990A35000924FC3 /* libxml2.dylib */,
				1529525C199071EF00924FC3 /* Foundation.framework */,
				1529525E199071EF00924FC3 /* CoreGraphics.framework */,
				15295260199071EF00924FC3 /* UIKit.framework */,
				1529527E199071F000924FC3 /* XCTest.framework */,
				F3A51A2AE54D4395A7991CCD /* libPods.a */,
			);
			name = Frameworks;
			sourceTree = "<group>";
		};
		15295262199071EF00924FC3 /* SmartSwitch */ = {
			isa = PBXGroup;
			children = (
				47C07AFA19ACD51E00941CBD /* 菜单栏 */,
				15BB6B251994DFD9004D447A /* 自定义控件 */,
				1587F44D199229050061EB86 /* 用户相关 */,
				1587F44919921C660061EB86 /* 开关和场景 */,
				1529526B199071F000924FC3 /* AppDelegate.h */,
				1529526C199071F000924FC3 /* AppDelegate.m */,
				1529526E199071F000924FC3 /* Main.storyboard */,
				15295277199071F000924FC3 /* Images.xcassets */,
				15295263199071EF00924FC3 /* Supporting Files */,
				152952D21990D01D00924FC3 /* BaseViewController.h */,
				152952D31990D01D00924FC3 /* BaseViewController.m */,
				156CB954199DF84A007A9C35 /* WelcomeViewController.h */,
				156CB955199DF84A007A9C35 /* WelcomeViewController.m */,
				15B941AF19A6E0D8007339F8 /* UdpViewController.h */,
				15B941B019A6E0D8007339F8 /* UdpViewController.m */,
			);
			path = SmartSwitch;
			sourceTree = "<group>";
		};
		15295263199071EF00924FC3 /* Supporting Files */ = {
			isa = PBXGroup;
			children = (
				15295264199071EF00924FC3 /* SmartSwitch-Info.plist */,
				15295265199071EF00924FC3 /* InfoPlist.strings */,
				15295268199071EF00924FC3 /* main.m */,
				1529526A199071EF00924FC3 /* SmartSwitch-Prefix.pch */,
				15A7AC9B199CA38900EED480 /* Localizable.strings */,
			);
			name = "Supporting Files";
			sourceTree = "<group>";
		};
		15295284199071F000924FC3 /* SmartSwitchTests */ = {
			isa = PBXGroup;
			children = (
				1529528A199071F000924FC3 /* SmartSwitchTests.m */,
				15295285199071F000924FC3 /* Supporting Files */,
			);
			path = SmartSwitchTests;
			sourceTree = "<group>";
		};
		15295285199071F000924FC3 /* Supporting Files */ = {
			isa = PBXGroup;
			children = (
				15295286199071F000924FC3 /* SmartSwitchTests-Info.plist */,
				15295287199071F000924FC3 /* InfoPlist.strings */,
			);
			name = "Supporting Files";
			sourceTree = "<group>";
		};
		15295294199080DE00924FC3 /* ti */ = {
			isa = PBXGroup;
			children = (
				15E7F61119933A4300C46854 /* libFTC_DEBUG.a */,
				15E7F61219933A4300C46854 /* libFTC_RELEASE.a */,
				152952971990810600924FC3 /* FirstTimeConfig.h */,
			);
			name = ti;
			sourceTree = "<group>";
		};
		1529529A1990897B00924FC3 /* CC3x */ = {
			isa = PBXGroup;
			children = (
				152952B1199089B100924FC3 /* CRC.h */,
				152952B2199089B100924FC3 /* CRC.c */,
				152952AA1990899F00924FC3 /* CC3xAPManager.h */,
				152952AB1990899F00924FC3 /* CC3xAPManager.m */,
				152952AC1990899F00924FC3 /* CC3xHeader.h */,
				152952AD1990899F00924FC3 /* CC3xUtility.h */,
				152952AE1990899F00924FC3 /* CC3xUtility.m */,
				1529529B1990899400924FC3 /* CC3xMessage.h */,
				1529529C1990899400924FC3 /* CC3xMessage.m */,
				1529529D1990899400924FC3 /* CC3xMoreAction.h */,
				1529529E1990899400924FC3 /* CC3xMoreAction.m */,
				1529529F1990899400924FC3 /* CC3xServerInfo.h */,
				152952A01990899400924FC3 /* CC3xServerInfo.m */,
				152952A11990899400924FC3 /* CC3xSwitch.h */,
				152952A21990899400924FC3 /* CC3xSwitch.m */,
				152952A31990899400924FC3 /* CC3xTimerTask.h */,
				152952A41990899400924FC3 /* CC3xTimerTask.m */,
			);
			name = CC3x;
			sourceTree = "<group>";
		};
		152952B419908B2100924FC3 /* thridparty */ = {
			isa = PBXGroup;
			children = (
				152952B519908B3F00924FC3 /* GDataXMLNode.h */,
				152952B619908B3F00924FC3 /* GDataXMLNode.m */,
			);
			name = thridparty;
			sourceTree = "<group>";
		};
		152952BB19908B5E00924FC3 /* Util */ = {
			isa = PBXGroup;
			children = (
				152952CE19908B9800924FC3 /* protocol */,
				152952BC19908B7200924FC3 /* SendResponseHandler.h */,
				152952BD19908B7200924FC3 /* SendResponseHandler.m */,
				152952BE19908B7200924FC3 /* UdpSocketUtil.h */,
				152952BF19908B7200924FC3 /* UdpSocketUtil.m */,
				152952C019908B7200924FC3 /* NetUtil.h */,
				152952C119908B7200924FC3 /* NetUtil.m */,
				152952C219908B7200924FC3 /* MessageUtil.h */,
				152952C319908B7200924FC3 /* MessageUtil.m */,
				152952C419908B7200924FC3 /* XMLUtil.h */,
				152952C519908B7200924FC3 /* XMLUtil.m */,
				152952C619908B7200924FC3 /* ViewUtil.h */,
				152952C719908B7200924FC3 /* ViewUtil.m */,
				4703A2DB19A0EA4E00F2E25F /* UdpRequest.h */,
				4703A2DC19A0EA4E00F2E25F /* UdpRequest.m */,
				47B77F1B19A63B1C005EFDFD /* MacroUtils.h */,
				47C07AF719AB7ECE00941CBD /* DB.h */,
				47C07AF819AB7ECE00941CBD /* DB.m */,
			);
			name = Util;
			sourceTree = "<group>";
		};
		152952CE19908B9800924FC3 /* protocol */ = {
			isa = PBXGroup;
			children = (
				152952CF19908BB800924FC3 /* PassValueDelegate.h */,
			);
			name = protocol;
			sourceTree = "<group>";
		};
		15350EAB19B28E8200274760 /* view */ = {
			isa = PBXGroup;
			children = (
				15350EAC19B28EC400274760 /* SceneAddListCell.h */,
				15350EAD19B28EC400274760 /* SceneAddListCell.m */,
				15350EAF19B2905100274760 /* SceneAddView.h */,
				15350EB019B2905100274760 /* SceneAddView.m */,
			);
			name = view;
			sourceTree = "<group>";
		};
		1587F44919921C660061EB86 /* 开关和场景 */ = {
			isa = PBXGroup;
			children = (
				152952D81991BFF800924FC3 /* SwitchAndSceneViewController.h */,
				152952D91991BFF800924FC3 /* SwitchAndSceneViewController.m */,
				15BC9E671999B99C006516D8 /* 场景 */,
				15BC9E661999B98D006516D8 /* 开关 */,
			);
			name = "开关和场景";
			sourceTree = "<group>";
		};
		1587F44D199229050061EB86 /* 用户相关 */ = {
			isa = PBXGroup;
			children = (
				1587F44E199229210061EB86 /* LoginViewController.h */,
				1587F44F199229210061EB86 /* LoginViewController.m */,
				1587F4511992292D0061EB86 /* RegisterViewController.h */,
				1587F4521992292D0061EB86 /* RegisterViewController.m */,
				1587F454199230BB0061EB86 /* SDZGUserProtocolViewController.h */,
				1587F455199230BB0061EB86 /* SDZGUserProtocolViewController.m */,
			);
			name = "用户相关";
			sourceTree = "<group>";
		};
		15BB6B251994DFD9004D447A /* 自定义控件 */ = {
			isa = PBXGroup;
			children = (
				15BB6B261994DFF5004D447A /* InsetsTextField.h */,
				15BB6B271994DFF5004D447A /* InsetsTextField.m */,
			);
			name = "自定义控件";
			sourceTree = "<group>";
		};
		15BC9E661999B98D006516D8 /* 开关 */ = {
			isa = PBXGroup;
			children = (
				47ECC90D19A98A080070AFE2 /* model */,
				47ECC90C19A98A010070AFE2 /* controller */,
				47ECC90B19A989F90070AFE2 /* view */,
			);
			name = "开关";
			sourceTree = "<group>";
		};
		15BC9E671999B99C006516D8 /* 场景 */ = {
			isa = PBXGroup;
			children = (
				15350EAB19B28E8200274760 /* view */,
				1587F45A199313560061EB86 /* SceneTableView.h */,
				1587F45B199313570061EB86 /* SceneTableView.m */,
				1587F460199315760061EB86 /* SceneListCell.h */,
				1587F461199315760061EB86 /* SceneListCell.m */,
				1587F44A199225EF0061EB86 /* AddSenceViewController.h */,
				1587F44B199225EF0061EB86 /* AddSenceViewController.m */,
			);
			name = "场景";
			sourceTree = "<group>";
		};
		47C07AFA19ACD51E00941CBD /* 菜单栏 */ = {
			isa = PBXGroup;
			children = (
				152952D51991BF4600924FC3 /* MenuViewController.h */,
				152952D61991BF4600924FC3 /* MenuViewController.m */,
				1587F4301991CCA40061EB86 /* SDZGSidePanelController.h */,
				1587F4311991CCA40061EB86 /* SDZGSidePanelController.m */,
				1587F4331991DB6F0061EB86 /* AddSwitchViewController.h */,
				1587F4341991DB6F0061EB86 /* AddSwitchViewController.m */,
				1587F437199208570061EB86 /* HelpViewController.h */,
				1587F438199208570061EB86 /* HelpViewController.m */,
				1587F43A199208600061EB86 /* SettingViewController.h */,
				1587F43B199208600061EB86 /* SettingViewController.m */,
				1587F43D199208690061EB86 /* AboutViewController.h */,
				1587F43E199208690061EB86 /* AboutViewController.m */,
				1587F440199208D70061EB86 /* ShareViewController.h */,
				1587F441199208D70061EB86 /* ShareViewController.m */,
				1587F44319920B460061EB86 /* AddModelViewController.h */,
				1587F44419920B460061EB86 /* AddModelViewController.m */,
				1587F44619920B590061EB86 /* BuyViewController.h */,
				1587F44719920B590061EB86 /* BuyViewController.m */,
			);
			name = "菜单栏";
			sourceTree = "<group>";
		};
		47ECC90B19A989F90070AFE2 /* view */ = {
			isa = PBXGroup;
			children = (
				1587F4571993133A0061EB86 /* SwitchTableView.h */,
				1587F4581993133A0061EB86 /* SwitchTableView.m */,
				1587F45D199315680061EB86 /* SwitchListCell.h */,
				1587F45E199315680061EB86 /* SwitchListCell.m */,
				15E7F60E1993189A00C46854 /* SwitchExpandCell.h */,
				15E7F60F1993189A00C46854 /* SwitchExpandCell.m */,
				15BCC0B119AAF91900776E7D /* TimerCountdownView.h */,
				15BCC0B219AAF91900776E7D /* TimerCountdownView.m */,
				15BCC0B419AB161700776E7D /* TimeDisplayView.h */,
				15BCC0B519AB161700776E7D /* TimeDisplayView.m */,
				15BC9E631998BD61006516D8 /* SocketView.h */,
				15BC9E641998BD61006516D8 /* SocketView.m */,
				15BC9E72199B74CE006516D8 /* TimerCell.h */,
				15BC9E73199B74CE006516D8 /* TimerCell.m */,
				47109D7319A8E80D00F24B42 /* ElecRealTimeView.h */,
				47109D7419A8E80D00F24B42 /* ElecRealTimeView.m */,
				47ECC90E19A9D4FC0070AFE2 /* HistoryElecView.h */,
				47ECC90F19A9D4FC0070AFE2 /* HistoryElecView.m */,
				1578096E19AD7D9200F106FF /* DelayTimeCountDownView.h */,
				1578096F19AD7D9200F106FF /* DelayTimeCountDownView.m */,
			);
			name = view;
			sourceTree = "<group>";
		};
		47ECC90C19A98A010070AFE2 /* controller */ = {
			isa = PBXGroup;
			children = (
				15A7AC8F199C4D7E00EED480 /* TimerEditViewController.h */,
				15A7AC90199C4D7E00EED480 /* TimerEditViewController.m */,
				15A7AC92199C567900EED480 /* CycleViewController.h */,
				15A7AC93199C567900EED480 /* CycleViewController.m */,
				15A7AC9C199CAE3000EED480 /* DelayViewController.h */,
				15A7AC9D199CAE3100EED480 /* DelayViewController.m */,
				156CB951199DE70D007A9C35 /* SwitchInfoViewController.h */,
				156CB952199DE70D007A9C35 /* SwitchInfoViewController.m */,
				15BC9E681999BA03006516D8 /* HistoryElectricityViewController.h */,
				15BC9E691999BA03006516D8 /* HistoryElectricityViewController.m */,
				15BC9E6F199B74B8006516D8 /* TimerViewController.h */,
				15BC9E70199B74B8006516D8 /* TimerViewController.m */,
				15BC9E6019989E73006516D8 /* SwitchDetailViewController.h */,
				15BC9E6119989E73006516D8 /* SwitchDetailViewController.m */,
			);
			name = controller;
			sourceTree = "<group>";
		};
		47ECC90D19A98A080070AFE2 /* model */ = {
			isa = PBXGroup;
			children = (
				15B7A31119A31E6600C00342 /* SDZGSwitch.h */,
				15B7A31219A31E6600C00342 /* SDZGSwitch.m */,
				15B7A30819A2F69B00C00342 /* SwitchDataCeneter.h */,
				15B7A30919A2F69B00C00342 /* SwitchDataCeneter.m */,
				1578096B19AC643C00F106FF /* HistoryElec.h */,
				1578096C19AC643C00F106FF /* HistoryElec.m */,
			);
			name = model;
			sourceTree = "<group>";
		};
/* End PBXGroup section */

/* Begin PBXNativeTarget section */
		15295258199071EF00924FC3 /* SmartSwitch */ = {
			isa = PBXNativeTarget;
			buildConfigurationList = 1529528E199071F000924FC3 /* Build configuration list for PBXNativeTarget "SmartSwitch" */;
			buildPhases = (
				C80D5215228043FDA4B796F4 /* Check Pods Manifest.lock */,
				15295255199071EF00924FC3 /* Sources */,
				15295256199071EF00924FC3 /* Frameworks */,
				15295257199071EF00924FC3 /* Resources */,
				84F75A47F8FD4F20AE7EE6A9 /* Copy Pods Resources */,
			);
			buildRules = (
			);
			dependencies = (
			);
			name = SmartSwitch;
			productName = SmartSwitch;
			productReference = 15295259199071EF00924FC3 /* SmartSwitch.app */;
			productType = "com.apple.product-type.application";
		};
		1529527C199071F000924FC3 /* SmartSwitchTests */ = {
			isa = PBXNativeTarget;
			buildConfigurationList = 15295291199071F000924FC3 /* Build configuration list for PBXNativeTarget "SmartSwitchTests" */;
			buildPhases = (
				15295279199071F000924FC3 /* Sources */,
				1529527A199071F000924FC3 /* Frameworks */,
				1529527B199071F000924FC3 /* Resources */,
			);
			buildRules = (
			);
			dependencies = (
				15295283199071F000924FC3 /* PBXTargetDependency */,
			);
			name = SmartSwitchTests;
			productName = SmartSwitchTests;
			productReference = 1529527D199071F000924FC3 /* SmartSwitchTests.xctest */;
			productType = "com.apple.product-type.bundle.unit-test";
		};
/* End PBXNativeTarget section */

/* Begin PBXProject section */
		15295251199071EF00924FC3 /* Project object */ = {
			isa = PBXProject;
			attributes = {
				LastUpgradeCheck = 0510;
				ORGANIZATIONNAME = itouchco.com;
				TargetAttributes = {
					15295258199071EF00924FC3 = {
						DevelopmentTeam = SDSBY6DGDQ;
					};
					1529527C199071F000924FC3 = {
						TestTargetID = 15295258199071EF00924FC3;
					};
				};
			};
			buildConfigurationList = 15295254199071EF00924FC3 /* Build configuration list for PBXProject "SmartSwitch" */;
			compatibilityVersion = "Xcode 3.2";
			developmentRegion = English;
			hasScannedForEncodings = 0;
			knownRegions = (
				en,
				Base,
				"zh-Hans",
			);
			mainGroup = 15295250199071EF00924FC3;
			productRefGroup = 1529525A199071EF00924FC3 /* Products */;
			projectDirPath = "";
			projectRoot = "";
			targets = (
				15295258199071EF00924FC3 /* SmartSwitch */,
				1529527C199071F000924FC3 /* SmartSwitchTests */,
			);
		};
/* End PBXProject section */

/* Begin PBXResourcesBuildPhase section */
		15295257199071EF00924FC3 /* Resources */ = {
			isa = PBXResourcesBuildPhase;
			buildActionMask = 2147483647;
			files = (
				15295278199071F000924FC3 /* Images.xcassets in Resources */,
				15A7AC99199CA38900EED480 /* Localizable.strings in Resources */,
				15295267199071EF00924FC3 /* InfoPlist.strings in Resources */,
				15295270199071F000924FC3 /* Main.storyboard in Resources */,
			);
			runOnlyForDeploymentPostprocessing = 0;
		};
		1529527B199071F000924FC3 /* Resources */ = {
			isa = PBXResourcesBuildPhase;
			buildActionMask = 2147483647;
			files = (
				15295289199071F000924FC3 /* InfoPlist.strings in Resources */,
			);
			runOnlyForDeploymentPostprocessing = 0;
		};
/* End PBXResourcesBuildPhase section */

/* Begin PBXShellScriptBuildPhase section */
		84F75A47F8FD4F20AE7EE6A9 /* Copy Pods Resources */ = {
			isa = PBXShellScriptBuildPhase;
			buildActionMask = 2147483647;
			files = (
			);
			inputPaths = (
			);
			name = "Copy Pods Resources";
			outputPaths = (
			);
			runOnlyForDeploymentPostprocessing = 0;
			shellPath = /bin/sh;
			shellScript = "\"${SRCROOT}/Pods/Pods-resources.sh\"\n";
			showEnvVarsInLog = 0;
		};
		C80D5215228043FDA4B796F4 /* Check Pods Manifest.lock */ = {
			isa = PBXShellScriptBuildPhase;
			buildActionMask = 2147483647;
			files = (
			);
			inputPaths = (
			);
			name = "Check Pods Manifest.lock";
			outputPaths = (
			);
			runOnlyForDeploymentPostprocessing = 0;
			shellPath = /bin/sh;
			shellScript = "diff \"${PODS_ROOT}/../Podfile.lock\" \"${PODS_ROOT}/Manifest.lock\" > /dev/null\nif [[ $? != 0 ]] ; then\n    cat << EOM\nerror: The sandbox is not in sync with the Podfile.lock. Run 'pod install' or update your CocoaPods installation.\nEOM\n    exit 1\nfi\n";
			showEnvVarsInLog = 0;
		};
/* End PBXShellScriptBuildPhase section */

/* Begin PBXSourcesBuildPhase section */
		15295255199071EF00924FC3 /* Sources */ = {
			isa = PBXSourcesBuildPhase;
			buildActionMask = 2147483647;
			files = (
				15BC9E74199B74CE006516D8 /* TimerCell.m in Sources */,
				1529526D199071F000924FC3 /* AppDelegate.m in Sources */,
				15350EB119B2905100274760 /* SceneAddView.m in Sources */,
				152952D41990D01D00924FC3 /* BaseViewController.m in Sources */,
				15BC9E6219989E73006516D8 /* SwitchDetailViewController.m in Sources */,
				15BC9E651998BD61006516D8 /* SocketView.m in Sources */,
				152952DA1991BFF800924FC3 /* SwitchAndSceneViewController.m in Sources */,
				47ECC91019A9D4FC0070AFE2 /* HistoryElecView.m in Sources */,
				15A7AC91199C4D7E00EED480 /* TimerEditViewController.m in Sources */,
				15BCC0B619AB161700776E7D /* TimeDisplayView.m in Sources */,
				152952CD19908B7200924FC3 /* ViewUtil.m in Sources */,
				152952A81990899400924FC3 /* CC3xSwitch.m in Sources */,
				152952D71991BF4600924FC3 /* MenuViewController.m in Sources */,
				1587F456199230BB0061EB86 /* SDZGUserProtocolViewController.m in Sources */,
				15BCC0B319AAF91900776E7D /* TimerCountdownView.m in Sources */,
				152952AF1990899F00924FC3 /* CC3xAPManager.m in Sources */,
				152952B719908B3F00924FC3 /* GDataXMLNode.m in Sources */,
				152952A51990899400924FC3 /* CC3xMessage.m in Sources */,
				15A7AC94199C567900EED480 /* CycleViewController.m in Sources */,
				1587F4591993133A0061EB86 /* SwitchTableView.m in Sources */,
				47C07AF919AB7ECE00941CBD /* DB.m in Sources */,
				152952B01990899F00924FC3 /* CC3xUtility.m in Sources */,
				1587F442199208D70061EB86 /* ShareViewController.m in Sources */,
				1587F44519920B460061EB86 /* AddModelViewController.m in Sources */,
				1587F4321991CCA40061EB86 /* SDZGSidePanelController.m in Sources */,
				15350EAE19B28EC400274760 /* SceneAddListCell.m in Sources */,
				1587F4531992292E0061EB86 /* RegisterViewController.m in Sources */,
				15B7A31319A31E6600C00342 /* SDZGSwitch.m in Sources */,
				1587F43F199208690061EB86 /* AboutViewController.m in Sources */,
				1587F450199229210061EB86 /* LoginViewController.m in Sources */,
				152952C819908B7200924FC3 /* SendResponseHandler.m in Sources */,
				15A7AC9E199CAE3100EED480 /* DelayViewController.m in Sources */,
				152952B3199089B100924FC3 /* CRC.c in Sources */,
				1578096D19AC643C00F106FF /* HistoryElec.m in Sources */,
				15295269199071EF00924FC3 /* main.m in Sources */,
				152952C919908B7200924FC3 /* UdpSocketUtil.m in Sources */,
				1587F44C199225EF0061EB86 /* AddSenceViewController.m in Sources */,
				15B941B119A6E0D8007339F8 /* UdpViewController.m in Sources */,
				156CB956199DF84A007A9C35 /* WelcomeViewController.m in Sources */,
				1587F4351991DB6F0061EB86 /* AddSwitchViewController.m in Sources */,
				4703A2DD19A0EA4E00F2E25F /* UdpRequest.m in Sources */,
				152952CA19908B7200924FC3 /* NetUtil.m in Sources */,
				152952A61990899400924FC3 /* CC3xMoreAction.m in Sources */,
				1587F45F199315680061EB86 /* SwitchListCell.m in Sources */,
				152952CB19908B7200924FC3 /* MessageUtil.m in Sources */,
				15BC9E71199B74B8006516D8 /* TimerViewController.m in Sources */,
				156CB953199DE70D007A9C35 /* SwitchInfoViewController.m in Sources */,
				15BC9E6A1999BA03006516D8 /* HistoryElectricityViewController.m in Sources */,
				1587F462199315760061EB86 /* SceneListCell.m in Sources */,
				152952A71990899400924FC3 /* CC3xServerInfo.m in Sources */,
				152952A91990899400924FC3 /* CC3xTimerTask.m in Sources */,
				15B7A30A19A2F69B00C00342 /* SwitchDataCeneter.m in Sources */,
				1587F439199208570061EB86 /* HelpViewController.m in Sources */,
				1587F44819920B590061EB86 /* BuyViewController.m in Sources */,
				1578097019AD7D9200F106FF /* DelayTimeCountDownView.m in Sources */,
				15E7F6101993189A00C46854 /* SwitchExpandCell.m in Sources */,
				15BB6B281994DFF5004D447A /* InsetsTextField.m in Sources */,
				47109D7519A8E80D00F24B42 /* ElecRealTimeView.m in Sources */,
				1587F45C199313570061EB86 /* SceneTableView.m in Sources */,
				152952CC19908B7200924FC3 /* XMLUtil.m in Sources */,
				1587F43C199208600061EB86 /* SettingViewController.m in Sources */,
			);
			runOnlyForDeploymentPostprocessing = 0;
		};
		15295279199071F000924FC3 /* Sources */ = {
			isa = PBXSourcesBuildPhase;
			buildActionMask = 2147483647;
			files = (
				1529528B199071F000924FC3 /* SmartSwitchTests.m in Sources */,
			);
			runOnlyForDeploymentPostprocessing = 0;
		};
/* End PBXSourcesBuildPhase section */

/* Begin PBXTargetDependency section */
		15295283199071F000924FC3 /* PBXTargetDependency */ = {
			isa = PBXTargetDependency;
			target = 15295258199071EF00924FC3 /* SmartSwitch */;
			targetProxy = 15295282199071F000924FC3 /* PBXContainerItemProxy */;
		};
/* End PBXTargetDependency section */

/* Begin PBXVariantGroup section */
		15295265199071EF00924FC3 /* InfoPlist.strings */ = {
			isa = PBXVariantGroup;
			children = (
				15295266199071EF00924FC3 /* en */,
				15A7AC95199CA2F500EED480 /* zh-Hans */,
			);
			name = InfoPlist.strings;
			sourceTree = "<group>";
		};
		1529526E199071F000924FC3 /* Main.storyboard */ = {
			isa = PBXVariantGroup;
			children = (
				1529526F199071F000924FC3 /* Base */,
			);
			name = Main.storyboard;
			sourceTree = "<group>";
		};
		15295287199071F000924FC3 /* InfoPlist.strings */ = {
			isa = PBXVariantGroup;
			children = (
				15295288199071F000924FC3 /* en */,
				15A7AC96199CA2F500EED480 /* zh-Hans */,
			);
			name = InfoPlist.strings;
			sourceTree = "<group>";
		};
		15A7AC9B199CA38900EED480 /* Localizable.strings */ = {
			isa = PBXVariantGroup;
			children = (
				15A7AC9A199CA38900EED480 /* zh-Hans */,
			);
			name = Localizable.strings;
			sourceTree = "<group>";
		};
/* End PBXVariantGroup section */

/* Begin XCBuildConfiguration section */
		1529528C199071F000924FC3 /* Debug */ = {
			isa = XCBuildConfiguration;
			buildSettings = {
				ALWAYS_SEARCH_USER_PATHS = NO;
				CLANG_CXX_LANGUAGE_STANDARD = "gnu++0x";
				CLANG_CXX_LIBRARY = "libc++";
				CLANG_ENABLE_MODULES = YES;
				CLANG_ENABLE_OBJC_ARC = YES;
				CLANG_WARN_BOOL_CONVERSION = YES;
				CLANG_WARN_CONSTANT_CONVERSION = YES;
				CLANG_WARN_DIRECT_OBJC_ISA_USAGE = YES_ERROR;
				CLANG_WARN_EMPTY_BODY = YES;
				CLANG_WARN_ENUM_CONVERSION = YES;
				CLANG_WARN_INT_CONVERSION = YES;
				CLANG_WARN_OBJC_ROOT_CLASS = YES_ERROR;
				CLANG_WARN__DUPLICATE_METHOD_MATCH = YES;
				"CODE_SIGN_IDENTITY[sdk=iphoneos*]" = "iPhone Developer";
				COPY_PHASE_STRIP = NO;
				GCC_C_LANGUAGE_STANDARD = gnu99;
				GCC_DYNAMIC_NO_PIC = NO;
				GCC_OPTIMIZATION_LEVEL = 0;
				GCC_PREPROCESSOR_DEFINITIONS = (
					"DEBUG=1",
					"$(inherited)",
				);
				GCC_SYMBOLS_PRIVATE_EXTERN = NO;
				GCC_WARN_64_TO_32_BIT_CONVERSION = YES;
				GCC_WARN_ABOUT_RETURN_TYPE = YES_ERROR;
				GCC_WARN_UNDECLARED_SELECTOR = YES;
				GCC_WARN_UNINITIALIZED_AUTOS = YES_AGGRESSIVE;
				GCC_WARN_UNUSED_FUNCTION = YES;
				GCC_WARN_UNUSED_VARIABLE = YES;
				IPHONEOS_DEPLOYMENT_TARGET = 7.1;
				ONLY_ACTIVE_ARCH = YES;
				SDKROOT = iphoneos;
			};
			name = Debug;
		};
		1529528D199071F000924FC3 /* Release */ = {
			isa = XCBuildConfiguration;
			buildSettings = {
				ALWAYS_SEARCH_USER_PATHS = NO;
				CLANG_CXX_LANGUAGE_STANDARD = "gnu++0x";
				CLANG_CXX_LIBRARY = "libc++";
				CLANG_ENABLE_MODULES = YES;
				CLANG_ENABLE_OBJC_ARC = YES;
				CLANG_WARN_BOOL_CONVERSION = YES;
				CLANG_WARN_CONSTANT_CONVERSION = YES;
				CLANG_WARN_DIRECT_OBJC_ISA_USAGE = YES_ERROR;
				CLANG_WARN_EMPTY_BODY = YES;
				CLANG_WARN_ENUM_CONVERSION = YES;
				CLANG_WARN_INT_CONVERSION = YES;
				CLANG_WARN_OBJC_ROOT_CLASS = YES_ERROR;
				CLANG_WARN__DUPLICATE_METHOD_MATCH = YES;
				"CODE_SIGN_IDENTITY[sdk=iphoneos*]" = "iPhone Developer";
				COPY_PHASE_STRIP = YES;
				ENABLE_NS_ASSERTIONS = NO;
				GCC_C_LANGUAGE_STANDARD = gnu99;
				GCC_WARN_64_TO_32_BIT_CONVERSION = YES;
				GCC_WARN_ABOUT_RETURN_TYPE = YES_ERROR;
				GCC_WARN_UNDECLARED_SELECTOR = YES;
				GCC_WARN_UNINITIALIZED_AUTOS = YES_AGGRESSIVE;
				GCC_WARN_UNUSED_FUNCTION = YES;
				GCC_WARN_UNUSED_VARIABLE = YES;
				IPHONEOS_DEPLOYMENT_TARGET = 7.1;
				SDKROOT = iphoneos;
				VALIDATE_PRODUCT = YES;
			};
			name = Release;
		};
		1529528F199071F000924FC3 /* Debug */ = {
			isa = XCBuildConfiguration;
			baseConfigurationReference = CABB3F26A985482997979951 /* Pods.xcconfig */;
			buildSettings = {
				ASSETCATALOG_COMPILER_APPICON_NAME = AppIcon;
				ASSETCATALOG_COMPILER_LAUNCHIMAGE_NAME = LaunchImage;
				CODE_SIGN_IDENTITY = "iPhone Developer";
				GCC_PRECOMPILE_PREFIX_HEADER = YES;
				GCC_PREFIX_HEADER = "SmartSwitch/SmartSwitch-Prefix.pch";
				HEADER_SEARCH_PATHS = (
					"\"${PODS_ROOT}/Headers\"",
					"\"${PODS_ROOT}/Headers/AFNetworking\"",
					"\"${PODS_ROOT}/Headers/CocoaAsyncSocket\"",
					"\"${PODS_ROOT}/Headers/CocoaLumberjack\"",
					"\"${PODS_ROOT}/Headers/JASidePanels\"",
					"\"${PODS_ROOT}/Headers/MBProgressHUD\"",
					"\"${PODS_ROOT}/Headers/Reachability\"",
					"\"/usr/include/libxml2\"",
				);
				INFOPLIST_FILE = "SmartSwitch/SmartSwitch-Info.plist";
				IPHONEOS_DEPLOYMENT_TARGET = 6.0;
				LIBRARY_SEARCH_PATHS = (
					"$(inherited)",
					"$(PROJECT_DIR)",
				);
				PRODUCT_NAME = "$(TARGET_NAME)";
				VALID_ARCHS = "armv7 armv7s";
				WRAPPER_EXTENSION = app;
			};
			name = Debug;
		};
		15295290199071F000924FC3 /* Release */ = {
			isa = XCBuildConfiguration;
			baseConfigurationReference = CABB3F26A985482997979951 /* Pods.xcconfig */;
			buildSettings = {
				ASSETCATALOG_COMPILER_APPICON_NAME = AppIcon;
				ASSETCATALOG_COMPILER_LAUNCHIMAGE_NAME = LaunchImage;
				CODE_SIGN_IDENTITY = "iPhone Developer";
				GCC_PRECOMPILE_PREFIX_HEADER = YES;
				GCC_PREFIX_HEADER = "SmartSwitch/SmartSwitch-Prefix.pch";
				HEADER_SEARCH_PATHS = (
					"\"${PODS_ROOT}/Headers\"",
					"\"${PODS_ROOT}/Headers/AFNetworking\"",
					"\"${PODS_ROOT}/Headers/CocoaAsyncSocket\"",
					"\"${PODS_ROOT}/Headers/CocoaLumberjack\"",
					"\"${PODS_ROOT}/Headers/JASidePanels\"",
					"\"${PODS_ROOT}/Headers/MBProgressHUD\"",
					"\"${PODS_ROOT}/Headers/Reachability\"",
					"\"/usr/include/libxml2\"",
				);
				INFOPLIST_FILE = "SmartSwitch/SmartSwitch-Info.plist";
				IPHONEOS_DEPLOYMENT_TARGET = 6.0;
				LIBRARY_SEARCH_PATHS = (
					"$(inherited)",
					"$(PROJECT_DIR)",
				);
				PRODUCT_NAME = "$(TARGET_NAME)";
				VALID_ARCHS = "armv7 armv7s";
				WRAPPER_EXTENSION = app;
			};
			name = Release;
		};
		15295292199071F000924FC3 /* Debug */ = {
			isa = XCBuildConfiguration;
			buildSettings = {
				BUNDLE_LOADER = "$(BUILT_PRODUCTS_DIR)/SmartSwitch.app/SmartSwitch";
				FRAMEWORK_SEARCH_PATHS = (
					"$(SDKROOT)/Developer/Library/Frameworks",
					"$(inherited)",
					"$(DEVELOPER_FRAMEWORKS_DIR)",
				);
				GCC_PRECOMPILE_PREFIX_HEADER = YES;
				GCC_PREFIX_HEADER = "SmartSwitch/SmartSwitch-Prefix.pch";
				GCC_PREPROCESSOR_DEFINITIONS = (
					"DEBUG=1",
					"$(inherited)",
				);
				INFOPLIST_FILE = "SmartSwitchTests/SmartSwitchTests-Info.plist";
				PRODUCT_NAME = "$(TARGET_NAME)";
				TEST_HOST = "$(BUNDLE_LOADER)";
				WRAPPER_EXTENSION = xctest;
			};
			name = Debug;
		};
		15295293199071F000924FC3 /* Release */ = {
			isa = XCBuildConfiguration;
			buildSettings = {
				BUNDLE_LOADER = "$(BUILT_PRODUCTS_DIR)/SmartSwitch.app/SmartSwitch";
				FRAMEWORK_SEARCH_PATHS = (
					"$(SDKROOT)/Developer/Library/Frameworks",
					"$(inherited)",
					"$(DEVELOPER_FRAMEWORKS_DIR)",
				);
				GCC_PRECOMPILE_PREFIX_HEADER = YES;
				GCC_PREFIX_HEADER = "SmartSwitch/SmartSwitch-Prefix.pch";
				INFOPLIST_FILE = "SmartSwitchTests/SmartSwitchTests-Info.plist";
				PRODUCT_NAME = "$(TARGET_NAME)";
				TEST_HOST = "$(BUNDLE_LOADER)";
				WRAPPER_EXTENSION = xctest;
			};
			name = Release;
		};
/* End XCBuildConfiguration section */

/* Begin XCConfigurationList section */
		15295254199071EF00924FC3 /* Build configuration list for PBXProject "SmartSwitch" */ = {
			isa = XCConfigurationList;
			buildConfigurations = (
				1529528C199071F000924FC3 /* Debug */,
				1529528D199071F000924FC3 /* Release */,
			);
			defaultConfigurationIsVisible = 0;
			defaultConfigurationName = Release;
		};
		1529528E199071F000924FC3 /* Build configuration list for PBXNativeTarget "SmartSwitch" */ = {
			isa = XCConfigurationList;
			buildConfigurations = (
				1529528F199071F000924FC3 /* Debug */,
				15295290199071F000924FC3 /* Release */,
			);
			defaultConfigurationIsVisible = 0;
			defaultConfigurationName = Release;
		};
		15295291199071F000924FC3 /* Build configuration list for PBXNativeTarget "SmartSwitchTests" */ = {
			isa = XCConfigurationList;
			buildConfigurations = (
				15295292199071F000924FC3 /* Debug */,
				15295293199071F000924FC3 /* Release */,
			);
			defaultConfigurationIsVisible = 0;
			defaultConfigurationName = Release;
		};
/* End XCConfigurationList section */
	};
	rootObject = 15295251199071EF00924FC3 /* Project object */;
}
