// !$*UTF8*$!
{
	archiveVersion = 1;
	classes = {
	};
	objectVersion = 46;
	objects = {

/* Begin PBXBuildFile section */
		1529525D199071EF00924FC3 /* Foundation.framework in Frameworks */ = {isa = PBXBuildFile; fileRef = 1529525C199071EF00924FC3 /* Foundation.framework */; };
		1529525F199071EF00924FC3 /* CoreGraphics.framework in Frameworks */ = {isa = PBXBuildFile; fileRef = 1529525E199071EF00924FC3 /* CoreGraphics.framework */; };
		15295261199071EF00924FC3 /* UIKit.framework in Frameworks */ = {isa = PBXBuildFile; fileRef = 15295260199071EF00924FC3 /* UIKit.framework */; };
		15295267199071EF00924FC3 /* InfoPlist.strings in Resources */ = {isa = PBXBuildFile; fileRef = 15295265199071EF00924FC3 /* InfoPlist.strings */; };
		15295269199071EF00924FC3 /* main.m in Sources */ = {isa = PBXBuildFile; fileRef = 15295268199071EF00924FC3 /* main.m */; };
		1529526D199071F000924FC3 /* AppDelegate.m in Sources */ = {isa = PBXBuildFile; fileRef = 1529526C199071F000924FC3 /* AppDelegate.m */; };
		15295270199071F000924FC3 /* Main.storyboard in Resources */ = {isa = PBXBuildFile; fileRef = 1529526E199071F000924FC3 /* Main.storyboard */; };
		15295273199071F000924FC3 /* MasterViewController.m in Sources */ = {isa = PBXBuildFile; fileRef = 15295272199071F000924FC3 /* MasterViewController.m */; };
		15295276199071F000924FC3 /* DetailViewController.m in Sources */ = {isa = PBXBuildFile; fileRef = 15295275199071F000924FC3 /* DetailViewController.m */; };
		15295278199071F000924FC3 /* Images.xcassets in Resources */ = {isa = PBXBuildFile; fileRef = 15295277199071F000924FC3 /* Images.xcassets */; };
		1529527F199071F000924FC3 /* XCTest.framework in Frameworks */ = {isa = PBXBuildFile; fileRef = 1529527E199071F000924FC3 /* XCTest.framework */; };
		15295280199071F000924FC3 /* Foundation.framework in Frameworks */ = {isa = PBXBuildFile; fileRef = 1529525C199071EF00924FC3 /* Foundation.framework */; };
		15295281199071F000924FC3 /* UIKit.framework in Frameworks */ = {isa = PBXBuildFile; fileRef = 15295260199071EF00924FC3 /* UIKit.framework */; };
		15295289199071F000924FC3 /* InfoPlist.strings in Resources */ = {isa = PBXBuildFile; fileRef = 15295287199071F000924FC3 /* InfoPlist.strings */; };
		1529528B199071F000924FC3 /* SmartSwitchTests.m in Sources */ = {isa = PBXBuildFile; fileRef = 1529528A199071F000924FC3 /* SmartSwitchTests.m */; };
		152952991990810600924FC3 /* libFTC_RELEASE.a in Frameworks */ = {isa = PBXBuildFile; fileRef = 152952961990810600924FC3 /* libFTC_RELEASE.a */; };
		152952A51990899400924FC3 /* CC3xMessage.m in Sources */ = {isa = PBXBuildFile; fileRef = 1529529C1990899400924FC3 /* CC3xMessage.m */; };
		152952A61990899400924FC3 /* CC3xMoreAction.m in Sources */ = {isa = PBXBuildFile; fileRef = 1529529E1990899400924FC3 /* CC3xMoreAction.m */; settings = {COMPILER_FLAGS = "-fno-objc-arc"; }; };
		152952A71990899400924FC3 /* CC3xServerInfo.m in Sources */ = {isa = PBXBuildFile; fileRef = 152952A01990899400924FC3 /* CC3xServerInfo.m */; };
		152952A81990899400924FC3 /* CC3xSwitch.m in Sources */ = {isa = PBXBuildFile; fileRef = 152952A21990899400924FC3 /* CC3xSwitch.m */; };
		152952A91990899400924FC3 /* CC3xTimerTask.m in Sources */ = {isa = PBXBuildFile; fileRef = 152952A41990899400924FC3 /* CC3xTimerTask.m */; };
		152952AF1990899F00924FC3 /* CC3xAPManager.m in Sources */ = {isa = PBXBuildFile; fileRef = 152952AB1990899F00924FC3 /* CC3xAPManager.m */; settings = {COMPILER_FLAGS = "-fno-objc-arc"; }; };
		152952B01990899F00924FC3 /* CC3xUtility.m in Sources */ = {isa = PBXBuildFile; fileRef = 152952AE1990899F00924FC3 /* CC3xUtility.m */; settings = {COMPILER_FLAGS = "-fno-objc-arc"; }; };
		152952B3199089B100924FC3 /* CRC.c in Sources */ = {isa = PBXBuildFile; fileRef = 152952B2199089B100924FC3 /* CRC.c */; };
		152952B719908B3F00924FC3 /* GDataXMLNode.m in Sources */ = {isa = PBXBuildFile; fileRef = 152952B619908B3F00924FC3 /* GDataXMLNode.m */; settings = {COMPILER_FLAGS = "-fno-objc-arc"; }; };
		152952C819908B7200924FC3 /* SendResponseHandler.m in Sources */ = {isa = PBXBuildFile; fileRef = 152952BD19908B7200924FC3 /* SendResponseHandler.m */; };
		152952C919908B7200924FC3 /* UdpSocketUtil.m in Sources */ = {isa = PBXBuildFile; fileRef = 152952BF19908B7200924FC3 /* UdpSocketUtil.m */; };
		152952CA19908B7200924FC3 /* NetUtil.m in Sources */ = {isa = PBXBuildFile; fileRef = 152952C119908B7200924FC3 /* NetUtil.m */; };
		152952CB19908B7200924FC3 /* MessageUtil.m in Sources */ = {isa = PBXBuildFile; fileRef = 152952C319908B7200924FC3 /* MessageUtil.m */; };
		152952CC19908B7200924FC3 /* XMLUtil.m in Sources */ = {isa = PBXBuildFile; fileRef = 152952C519908B7200924FC3 /* XMLUtil.m */; };
		152952CD19908B7200924FC3 /* ViewUtil.m in Sources */ = {isa = PBXBuildFile; fileRef = 152952C719908B7200924FC3 /* ViewUtil.m */; };
		152952D11990A35000924FC3 /* libxml2.dylib in Frameworks */ = {isa = PBXBuildFile; fileRef = 152952D01990A35000924FC3 /* libxml2.dylib */; };
		152952D41990D01D00924FC3 /* BaseViewController.m in Sources */ = {isa = PBXBuildFile; fileRef = 152952D31990D01D00924FC3 /* BaseViewController.m */; };
		A5C618E8CDA540B5B4FD8868 /* libPods.a in Frameworks */ = {isa = PBXBuildFile; fileRef = F3A51A2AE54D4395A7991CCD /* libPods.a */; };
/* End PBXBuildFile section */

/* Begin PBXContainerItemProxy section */
		15295282199071F000924FC3 /* PBXContainerItemProxy */ = {
			isa = PBXContainerItemProxy;
			containerPortal = 15295251199071EF00924FC3 /* Project object */;
			proxyType = 1;
			remoteGlobalIDString = 15295258199071EF00924FC3;
			remoteInfo = SmartSwitch;
		};
/* End PBXContainerItemProxy section */

/* Begin PBXFileReference section */
		15295259199071EF00924FC3 /* SmartSwitch.app */ = {isa = PBXFileReference; explicitFileType = wrapper.application; includeInIndex = 0; path = SmartSwitch.app; sourceTree = BUILT_PRODUCTS_DIR; };
		1529525C199071EF00924FC3 /* Foundation.framework */ = {isa = PBXFileReference; lastKnownFileType = wrapper.framework; name = Foundation.framework; path = System/Library/Frameworks/Foundation.framework; sourceTree = SDKROOT; };
		1529525E199071EF00924FC3 /* CoreGraphics.framework */ = {isa = PBXFileReference; lastKnownFileType = wrapper.framework; name = CoreGraphics.framework; path = System/Library/Frameworks/CoreGraphics.framework; sourceTree = SDKROOT; };
		15295260199071EF00924FC3 /* UIKit.framework */ = {isa = PBXFileReference; lastKnownFileType = wrapper.framework; name = UIKit.framework; path = System/Library/Frameworks/UIKit.framework; sourceTree = SDKROOT; };
		15295264199071EF00924FC3 /* SmartSwitch-Info.plist */ = {isa = PBXFileReference; lastKnownFileType = text.plist.xml; path = "SmartSwitch-Info.plist"; sourceTree = "<group>"; };
		15295266199071EF00924FC3 /* en */ = {isa = PBXFileReference; lastKnownFileType = text.plist.strings; name = en; path = en.lproj/InfoPlist.strings; sourceTree = "<group>"; };
		15295268199071EF00924FC3 /* main.m */ = {isa = PBXFileReference; lastKnownFileType = sourcecode.c.objc; path = main.m; sourceTree = "<group>"; };
		1529526A199071EF00924FC3 /* SmartSwitch-Prefix.pch */ = {isa = PBXFileReference; lastKnownFileType = sourcecode.c.h; path = "SmartSwitch-Prefix.pch"; sourceTree = "<group>"; };
		1529526B199071F000924FC3 /* AppDelegate.h */ = {isa = PBXFileReference; lastKnownFileType = sourcecode.c.h; path = AppDelegate.h; sourceTree = "<group>"; };
		1529526C199071F000924FC3 /* AppDelegate.m */ = {isa = PBXFileReference; lastKnownFileType = sourcecode.c.objc; path = AppDelegate.m; sourceTree = "<group>"; };
		1529526F199071F000924FC3 /* Base */ = {isa = PBXFileReference; lastKnownFileType = file.storyboard; name = Base; path = Base.lproj/Main.storyboard; sourceTree = "<group>"; };
		15295271199071F000924FC3 /* MasterViewController.h */ = {isa = PBXFileReference; lastKnownFileType = sourcecode.c.h; path = MasterViewController.h; sourceTree = "<group>"; };
		15295272199071F000924FC3 /* MasterViewController.m */ = {isa = PBXFileReference; lastKnownFileType = sourcecode.c.objc; path = MasterViewController.m; sourceTree = "<group>"; };
		15295274199071F000924FC3 /* DetailViewController.h */ = {isa = PBXFileReference; lastKnownFileType = sourcecode.c.h; path = DetailViewController.h; sourceTree = "<group>"; };
		15295275199071F000924FC3 /* DetailViewController.m */ = {isa = PBXFileReference; lastKnownFileType = sourcecode.c.objc; path = DetailViewController.m; sourceTree = "<group>"; };
		15295277199071F000924FC3 /* Images.xcassets */ = {isa = PBXFileReference; lastKnownFileType = folder.assetcatalog; path = Images.xcassets; sourceTree = "<group>"; };
		1529527D199071F000924FC3 /* SmartSwitchTests.xctest */ = {isa = PBXFileReference; explicitFileType = wrapper.cfbundle; includeInIndex = 0; path = SmartSwitchTests.xctest; sourceTree = BUILT_PRODUCTS_DIR; };
		1529527E199071F000924FC3 /* XCTest.framework */ = {isa = PBXFileReference; lastKnownFileType = wrapper.framework; name = XCTest.framework; path = Library/Frameworks/XCTest.framework; sourceTree = DEVELOPER_DIR; };
		15295286199071F000924FC3 /* SmartSwitchTests-Info.plist */ = {isa = PBXFileReference; lastKnownFileType = text.plist.xml; path = "SmartSwitchTests-Info.plist"; sourceTree = "<group>"; };
		15295288199071F000924FC3 /* en */ = {isa = PBXFileReference; lastKnownFileType = text.plist.strings; name = en; path = en.lproj/InfoPlist.strings; sourceTree = "<group>"; };
		1529528A199071F000924FC3 /* SmartSwitchTests.m */ = {isa = PBXFileReference; lastKnownFileType = sourcecode.c.objc; path = SmartSwitchTests.m; sourceTree = "<group>"; };
		152952951990810600924FC3 /* libFTC_DEBUG.a */ = {isa = PBXFileReference; lastKnownFileType = archive.ar; path = libFTC_DEBUG.a; sourceTree = "<group>"; };
		152952961990810600924FC3 /* libFTC_RELEASE.a */ = {isa = PBXFileReference; lastKnownFileType = archive.ar; path = libFTC_RELEASE.a; sourceTree = "<group>"; };
		152952971990810600924FC3 /* FirstTimeConfig.h */ = {isa = PBXFileReference; fileEncoding = 4; lastKnownFileType = sourcecode.c.h; path = FirstTimeConfig.h; sourceTree = "<group>"; };
		1529529B1990899400924FC3 /* CC3xMessage.h */ = {isa = PBXFileReference; fileEncoding = 4; lastKnownFileType = sourcecode.c.h; path = CC3xMessage.h; sourceTree = "<group>"; };
		1529529C1990899400924FC3 /* CC3xMessage.m */ = {isa = PBXFileReference; fileEncoding = 4; lastKnownFileType = sourcecode.c.objc; path = CC3xMessage.m; sourceTree = "<group>"; };
		1529529D1990899400924FC3 /* CC3xMoreAction.h */ = {isa = PBXFileReference; fileEncoding = 4; lastKnownFileType = sourcecode.c.h; path = CC3xMoreAction.h; sourceTree = "<group>"; };
		1529529E1990899400924FC3 /* CC3xMoreAction.m */ = {isa = PBXFileReference; fileEncoding = 4; lastKnownFileType = sourcecode.c.objc; path = CC3xMoreAction.m; sourceTree = "<group>"; };
		1529529F1990899400924FC3 /* CC3xServerInfo.h */ = {isa = PBXFileReference; fileEncoding = 4; lastKnownFileType = sourcecode.c.h; path = CC3xServerInfo.h; sourceTree = "<group>"; };
		152952A01990899400924FC3 /* CC3xServerInfo.m */ = {isa = PBXFileReference; fileEncoding = 4; lastKnownFileType = sourcecode.c.objc; path = CC3xServerInfo.m; sourceTree = "<group>"; };
		152952A11990899400924FC3 /* CC3xSwitch.h */ = {isa = PBXFileReference; fileEncoding = 4; lastKnownFileType = sourcecode.c.h; path = CC3xSwitch.h; sourceTree = "<group>"; };
		152952A21990899400924FC3 /* CC3xSwitch.m */ = {isa = PBXFileReference; fileEncoding = 4; lastKnownFileType = sourcecode.c.objc; path = CC3xSwitch.m; sourceTree = "<group>"; };
		152952A31990899400924FC3 /* CC3xTimerTask.h */ = {isa = PBXFileReference; fileEncoding = 4; lastKnownFileType = sourcecode.c.h; path = CC3xTimerTask.h; sourceTree = "<group>"; };
		152952A41990899400924FC3 /* CC3xTimerTask.m */ = {isa = PBXFileReference; fileEncoding = 4; lastKnownFileType = sourcecode.c.objc; path = CC3xTimerTask.m; sourceTree = "<group>"; };
		152952AA1990899F00924FC3 /* CC3xAPManager.h */ = {isa = PBXFileReference; fileEncoding = 4; lastKnownFileType = sourcecode.c.h; path = CC3xAPManager.h; sourceTree = "<group>"; };
		152952AB1990899F00924FC3 /* CC3xAPManager.m */ = {isa = PBXFileReference; fileEncoding = 4; lastKnownFileType = sourcecode.c.objc; path = CC3xAPManager.m; sourceTree = "<group>"; };
		152952AC1990899F00924FC3 /* CC3xHeader.h */ = {isa = PBXFileReference; fileEncoding = 4; lastKnownFileType = sourcecode.c.h; path = CC3xHeader.h; sourceTree = "<group>"; };
		152952AD1990899F00924FC3 /* CC3xUtility.h */ = {isa = PBXFileReference; fileEncoding = 4; lastKnownFileType = sourcecode.c.h; path = CC3xUtility.h; sourceTree = "<group>"; };
		152952AE1990899F00924FC3 /* CC3xUtility.m */ = {isa = PBXFileReference; fileEncoding = 4; lastKnownFileType = sourcecode.c.objc; path = CC3xUtility.m; sourceTree = "<group>"; };
		152952B1199089B100924FC3 /* CRC.h */ = {isa = PBXFileReference; fileEncoding = 4; lastKnownFileType = sourcecode.c.h; path = CRC.h; sourceTree = "<group>"; };
		152952B2199089B100924FC3 /* CRC.c */ = {isa = PBXFileReference; fileEncoding = 4; lastKnownFileType = sourcecode.c.c; path = CRC.c; sourceTree = "<group>"; };
		152952B519908B3F00924FC3 /* GDataXMLNode.h */ = {isa = PBXFileReference; fileEncoding = 4; lastKnownFileType = sourcecode.c.h; path = GDataXMLNode.h; sourceTree = "<group>"; };
		152952B619908B3F00924FC3 /* GDataXMLNode.m */ = {isa = PBXFileReference; fileEncoding = 4; lastKnownFileType = sourcecode.c.objc; path = GDataXMLNode.m; sourceTree = "<group>"; };
		152952BC19908B7200924FC3 /* SendResponseHandler.h */ = {isa = PBXFileReference; fileEncoding = 4; lastKnownFileType = sourcecode.c.h; path = SendResponseHandler.h; sourceTree = "<group>"; };
		152952BD19908B7200924FC3 /* SendResponseHandler.m */ = {isa = PBXFileReference; fileEncoding = 4; lastKnownFileType = sourcecode.c.objc; path = SendResponseHandler.m; sourceTree = "<group>"; };
		152952BE19908B7200924FC3 /* UdpSocketUtil.h */ = {isa = PBXFileReference; fileEncoding = 4; lastKnownFileType = sourcecode.c.h; path = UdpSocketUtil.h; sourceTree = "<group>"; };
		152952BF19908B7200924FC3 /* UdpSocketUtil.m */ = {isa = PBXFileReference; fileEncoding = 4; lastKnownFileType = sourcecode.c.objc; path = UdpSocketUtil.m; sourceTree = "<group>"; };
		152952C019908B7200924FC3 /* NetUtil.h */ = {isa = PBXFileReference; fileEncoding = 4; lastKnownFileType = sourcecode.c.h; path = NetUtil.h; sourceTree = "<group>"; };
		152952C119908B7200924FC3 /* NetUtil.m */ = {isa = PBXFileReference; fileEncoding = 4; lastKnownFileType = sourcecode.c.objc; path = NetUtil.m; sourceTree = "<group>"; };
		152952C219908B7200924FC3 /* MessageUtil.h */ = {isa = PBXFileReference; fileEncoding = 4; lastKnownFileType = sourcecode.c.h; path = MessageUtil.h; sourceTree = "<group>"; };
		152952C319908B7200924FC3 /* MessageUtil.m */ = {isa = PBXFileReference; fileEncoding = 4; lastKnownFileType = sourcecode.c.objc; path = MessageUtil.m; sourceTree = "<group>"; };
		152952C419908B7200924FC3 /* XMLUtil.h */ = {isa = PBXFileReference; fileEncoding = 4; lastKnownFileType = sourcecode.c.h; path = XMLUtil.h; sourceTree = "<group>"; };
		152952C519908B7200924FC3 /* XMLUtil.m */ = {isa = PBXFileReference; fileEncoding = 4; lastKnownFileType = sourcecode.c.objc; path = XMLUtil.m; sourceTree = "<group>"; };
		152952C619908B7200924FC3 /* ViewUtil.h */ = {isa = PBXFileReference; fileEncoding = 4; lastKnownFileType = sourcecode.c.h; path = ViewUtil.h; sourceTree = "<group>"; };
		152952C719908B7200924FC3 /* ViewUtil.m */ = {isa = PBXFileReference; fileEncoding = 4; lastKnownFileType = sourcecode.c.objc; path = ViewUtil.m; sourceTree = "<group>"; };
		152952CF19908BB800924FC3 /* PassValueDelegate.h */ = {isa = PBXFileReference; fileEncoding = 4; lastKnownFileType = sourcecode.c.h; path = PassValueDelegate.h; sourceTree = "<group>"; };
		152952D01990A35000924FC3 /* libxml2.dylib */ = {isa = PBXFileReference; lastKnownFileType = "compiled.mach-o.dylib"; name = libxml2.dylib; path = usr/lib/libxml2.dylib; sourceTree = SDKROOT; };
		152952D21990D01D00924FC3 /* BaseViewController.h */ = {isa = PBXFileReference; fileEncoding = 4; lastKnownFileType = sourcecode.c.h; path = BaseViewController.h; sourceTree = "<group>"; };
		152952D31990D01D00924FC3 /* BaseViewController.m */ = {isa = PBXFileReference; fileEncoding = 4; lastKnownFileType = sourcecode.c.objc; path = BaseViewController.m; sourceTree = "<group>"; };
		CABB3F26A985482997979951 /* Pods.xcconfig */ = {isa = PBXFileReference; includeInIndex = 1; lastKnownFileType = text.xcconfig; name = Pods.xcconfig; path = Pods/Pods.xcconfig; sourceTree = "<group>"; };
		F3A51A2AE54D4395A7991CCD /* libPods.a */ = {isa = PBXFileReference; explicitFileType = archive.ar; includeInIndex = 0; path = libPods.a; sourceTree = BUILT_PRODUCTS_DIR; };
/* End PBXFileReference section */

/* Begin PBXFrameworksBuildPhase section */
		15295256199071EF00924FC3 /* Frameworks */ = {
			isa = PBXFrameworksBuildPhase;
			buildActionMask = 2147483647;
			files = (
				152952D11990A35000924FC3 /* libxml2.dylib in Frameworks */,
				1529525F199071EF00924FC3 /* CoreGraphics.framework in Frameworks */,
				15295261199071EF00924FC3 /* UIKit.framework in Frameworks */,
				1529525D199071EF00924FC3 /* Foundation.framework in Frameworks */,
				A5C618E8CDA540B5B4FD8868 /* libPods.a in Frameworks */,
				152952991990810600924FC3 /* libFTC_RELEASE.a in Frameworks */,
			);
			runOnlyForDeploymentPostprocessing = 0;
		};
		1529527A199071F000924FC3 /* Frameworks */ = {
			isa = PBXFrameworksBuildPhase;
			buildActionMask = 2147483647;
			files = (
				1529527F199071F000924FC3 /* XCTest.framework in Frameworks */,
				15295281199071F000924FC3 /* UIKit.framework in Frameworks */,
				15295280199071F000924FC3 /* Foundation.framework in Frameworks */,
			);
			runOnlyForDeploymentPostprocessing = 0;
		};
/* End PBXFrameworksBuildPhase section */

/* Begin PBXGroup section */
		15295250199071EF00924FC3 = {
			isa = PBXGroup;
			children = (
				152952BB19908B5E00924FC3 /* Util */,
				152952B419908B2100924FC3 /* thridparty */,
				1529529A1990897B00924FC3 /* CC3x */,
				15295294199080DE00924FC3 /* ti */,
				15295262199071EF00924FC3 /* SmartSwitch */,
				15295284199071F000924FC3 /* SmartSwitchTests */,
				1529525B199071EF00924FC3 /* Frameworks */,
				1529525A199071EF00924FC3 /* Products */,
				CABB3F26A985482997979951 /* Pods.xcconfig */,
			);
			sourceTree = "<group>";
		};
		1529525A199071EF00924FC3 /* Products */ = {
			isa = PBXGroup;
			children = (
				15295259199071EF00924FC3 /* SmartSwitch.app */,
				1529527D199071F000924FC3 /* SmartSwitchTests.xctest */,
			);
			name = Products;
			sourceTree = "<group>";
		};
		1529525B199071EF00924FC3 /* Frameworks */ = {
			isa = PBXGroup;
			children = (
				152952D01990A35000924FC3 /* libxml2.dylib */,
				1529525C199071EF00924FC3 /* Foundation.framework */,
				1529525E199071EF00924FC3 /* CoreGraphics.framework */,
				15295260199071EF00924FC3 /* UIKit.framework */,
				1529527E199071F000924FC3 /* XCTest.framework */,
				F3A51A2AE54D4395A7991CCD /* libPods.a */,
			);
			name = Frameworks;
			sourceTree = "<group>";
		};
		15295262199071EF00924FC3 /* SmartSwitch */ = {
			isa = PBXGroup;
			children = (
				1529526B199071F000924FC3 /* AppDelegate.h */,
				1529526C199071F000924FC3 /* AppDelegate.m */,
				1529526E199071F000924FC3 /* Main.storyboard */,
				15295271199071F000924FC3 /* MasterViewController.h */,
				15295272199071F000924FC3 /* MasterViewController.m */,
				15295274199071F000924FC3 /* DetailViewController.h */,
				15295275199071F000924FC3 /* DetailViewController.m */,
				15295277199071F000924FC3 /* Images.xcassets */,
				15295263199071EF00924FC3 /* Supporting Files */,
				152952D21990D01D00924FC3 /* BaseViewController.h */,
				152952D31990D01D00924FC3 /* BaseViewController.m */,
			);
			path = SmartSwitch;
			sourceTree = "<group>";
		};
		15295263199071EF00924FC3 /* Supporting Files */ = {
			isa = PBXGroup;
			children = (
				15295264199071EF00924FC3 /* SmartSwitch-Info.plist */,
				15295265199071EF00924FC3 /* InfoPlist.strings */,
				15295268199071EF00924FC3 /* main.m */,
				1529526A199071EF00924FC3 /* SmartSwitch-Prefix.pch */,
			);
			name = "Supporting Files";
			sourceTree = "<group>";
		};
		15295284199071F000924FC3 /* SmartSwitchTests */ = {
			isa = PBXGroup;
			children = (
				1529528A199071F000924FC3 /* SmartSwitchTests.m */,
				15295285199071F000924FC3 /* Supporting Files */,
			);
			path = SmartSwitchTests;
			sourceTree = "<group>";
		};
		15295285199071F000924FC3 /* Supporting Files */ = {
			isa = PBXGroup;
			children = (
				15295286199071F000924FC3 /* SmartSwitchTests-Info.plist */,
				15295287199071F000924FC3 /* InfoPlist.strings */,
			);
			name = "Supporting Files";
			sourceTree = "<group>";
		};
		15295294199080DE00924FC3 /* ti */ = {
			isa = PBXGroup;
			children = (
				152952951990810600924FC3 /* libFTC_DEBUG.a */,
				152952961990810600924FC3 /* libFTC_RELEASE.a */,
				152952971990810600924FC3 /* FirstTimeConfig.h */,
			);
			name = ti;
			sourceTree = "<group>";
		};
		1529529A1990897B00924FC3 /* CC3x */ = {
			isa = PBXGroup;
			children = (
				152952B1199089B100924FC3 /* CRC.h */,
				152952B2199089B100924FC3 /* CRC.c */,
				152952AA1990899F00924FC3 /* CC3xAPManager.h */,
				152952AB1990899F00924FC3 /* CC3xAPManager.m */,
				152952AC1990899F00924FC3 /* CC3xHeader.h */,
				152952AD1990899F00924FC3 /* CC3xUtility.h */,
				152952AE1990899F00924FC3 /* CC3xUtility.m */,
				1529529B1990899400924FC3 /* CC3xMessage.h */,
				1529529C1990899400924FC3 /* CC3xMessage.m */,
				1529529D1990899400924FC3 /* CC3xMoreAction.h */,
				1529529E1990899400924FC3 /* CC3xMoreAction.m */,
				1529529F1990899400924FC3 /* CC3xServerInfo.h */,
				152952A01990899400924FC3 /* CC3xServerInfo.m */,
				152952A11990899400924FC3 /* CC3xSwitch.h */,
				152952A21990899400924FC3 /* CC3xSwitch.m */,
				152952A31990899400924FC3 /* CC3xTimerTask.h */,
				152952A41990899400924FC3 /* CC3xTimerTask.m */,
			);
			name = CC3x;
			sourceTree = "<group>";
		};
		152952B419908B2100924FC3 /* thridparty */ = {
			isa = PBXGroup;
			children = (
				152952B519908B3F00924FC3 /* GDataXMLNode.h */,
				152952B619908B3F00924FC3 /* GDataXMLNode.m */,
			);
			name = thridparty;
			sourceTree = "<group>";
		};
		152952BB19908B5E00924FC3 /* Util */ = {
			isa = PBXGroup;
			children = (
				152952CE19908B9800924FC3 /* protocol */,
				152952BC19908B7200924FC3 /* SendResponseHandler.h */,
				152952BD19908B7200924FC3 /* SendResponseHandler.m */,
				152952BE19908B7200924FC3 /* UdpSocketUtil.h */,
				152952BF19908B7200924FC3 /* UdpSocketUtil.m */,
				152952C019908B7200924FC3 /* NetUtil.h */,
				152952C119908B7200924FC3 /* NetUtil.m */,
				152952C219908B7200924FC3 /* MessageUtil.h */,
				152952C319908B7200924FC3 /* MessageUtil.m */,
				152952C419908B7200924FC3 /* XMLUtil.h */,
				152952C519908B7200924FC3 /* XMLUtil.m */,
				152952C619908B7200924FC3 /* ViewUtil.h */,
				152952C719908B7200924FC3 /* ViewUtil.m */,
			);
			name = Util;
			sourceTree = "<group>";
		};
		152952CE19908B9800924FC3 /* protocol */ = {
			isa = PBXGroup;
			children = (
				152952CF19908BB800924FC3 /* PassValueDelegate.h */,
			);
			name = protocol;
			sourceTree = "<group>";
		};
/* End PBXGroup section */

/* Begin PBXNativeTarget section */
		15295258199071EF00924FC3 /* SmartSwitch */ = {
			isa = PBXNativeTarget;
			buildConfigurationList = 1529528E199071F000924FC3 /* Build configuration list for PBXNativeTarget "SmartSwitch" */;
			buildPhases = (
				C80D5215228043FDA4B796F4 /* Check Pods Manifest.lock */,
				15295255199071EF00924FC3 /* Sources */,
				15295256199071EF00924FC3 /* Frameworks */,
				15295257199071EF00924FC3 /* Resources */,
				84F75A47F8FD4F20AE7EE6A9 /* Copy Pods Resources */,
			);
			buildRules = (
			);
			dependencies = (
			);
			name = SmartSwitch;
			productName = SmartSwitch;
			productReference = 15295259199071EF00924FC3 /* SmartSwitch.app */;
			productType = "com.apple.product-type.application";
		};
		1529527C199071F000924FC3 /* SmartSwitchTests */ = {
			isa = PBXNativeTarget;
			buildConfigurationList = 15295291199071F000924FC3 /* Build configuration list for PBXNativeTarget "SmartSwitchTests" */;
			buildPhases = (
				15295279199071F000924FC3 /* Sources */,
				1529527A199071F000924FC3 /* Frameworks */,
				1529527B199071F000924FC3 /* Resources */,
			);
			buildRules = (
			);
			dependencies = (
				15295283199071F000924FC3 /* PBXTargetDependency */,
			);
			name = SmartSwitchTests;
			productName = SmartSwitchTests;
			productReference = 1529527D199071F000924FC3 /* SmartSwitchTests.xctest */;
			productType = "com.apple.product-type.bundle.unit-test";
		};
/* End PBXNativeTarget section */

/* Begin PBXProject section */
		15295251199071EF00924FC3 /* Project object */ = {
			isa = PBXProject;
			attributes = {
				LastUpgradeCheck = 0510;
				ORGANIZATIONNAME = itouchco.com;
				TargetAttributes = {
					15295258199071EF00924FC3 = {
						DevelopmentTeam = SDSBY6DGDQ;
					};
					1529527C199071F000924FC3 = {
						TestTargetID = 15295258199071EF00924FC3;
					};
				};
			};
			buildConfigurationList = 15295254199071EF00924FC3 /* Build configuration list for PBXProject "SmartSwitch" */;
			compatibilityVersion = "Xcode 3.2";
			developmentRegion = English;
			hasScannedForEncodings = 0;
			knownRegions = (
				en,
				Base,
			);
			mainGroup = 15295250199071EF00924FC3;
			productRefGroup = 1529525A199071EF00924FC3 /* Products */;
			projectDirPath = "";
			projectRoot = "";
			targets = (
				15295258199071EF00924FC3 /* SmartSwitch */,
				1529527C199071F000924FC3 /* SmartSwitchTests */,
			);
		};
/* End PBXProject section */

/* Begin PBXResourcesBuildPhase section */
		15295257199071EF00924FC3 /* Resources */ = {
			isa = PBXResourcesBuildPhase;
			buildActionMask = 2147483647;
			files = (
				15295278199071F000924FC3 /* Images.xcassets in Resources */,
				15295267199071EF00924FC3 /* InfoPlist.strings in Resources */,
				15295270199071F000924FC3 /* Main.storyboard in Resources */,
			);
			runOnlyForDeploymentPostprocessing = 0;
		};
		1529527B199071F000924FC3 /* Resources */ = {
			isa = PBXResourcesBuildPhase;
			buildActionMask = 2147483647;
			files = (
				15295289199071F000924FC3 /* InfoPlist.strings in Resources */,
			);
			runOnlyForDeploymentPostprocessing = 0;
		};
/* End PBXResourcesBuildPhase section */

/* Begin PBXShellScriptBuildPhase section */
		84F75A47F8FD4F20AE7EE6A9 /* Copy Pods Resources */ = {
			isa = PBXShellScriptBuildPhase;
			buildActionMask = 2147483647;
			files = (
			);
			inputPaths = (
			);
			name = "Copy Pods Resources";
			outputPaths = (
			);
			runOnlyForDeploymentPostprocessing = 0;
			shellPath = /bin/sh;
			shellScript = "\"${SRCROOT}/Pods/Pods-resources.sh\"\n";
			showEnvVarsInLog = 0;
		};
		C80D5215228043FDA4B796F4 /* Check Pods Manifest.lock */ = {
			isa = PBXShellScriptBuildPhase;
			buildActionMask = 2147483647;
			files = (
			);
			inputPaths = (
			);
			name = "Check Pods Manifest.lock";
			outputPaths = (
			);
			runOnlyForDeploymentPostprocessing = 0;
			shellPath = /bin/sh;
			shellScript = "diff \"${PODS_ROOT}/../Podfile.lock\" \"${PODS_ROOT}/Manifest.lock\" > /dev/null\nif [[ $? != 0 ]] ; then\n    cat << EOM\nerror: The sandbox is not in sync with the Podfile.lock. Run 'pod install' or update your CocoaPods installation.\nEOM\n    exit 1\nfi\n";
			showEnvVarsInLog = 0;
		};
/* End PBXShellScriptBuildPhase section */

/* Begin PBXSourcesBuildPhase section */
		15295255199071EF00924FC3 /* Sources */ = {
			isa = PBXSourcesBuildPhase;
			buildActionMask = 2147483647;
			files = (
				1529526D199071F000924FC3 /* AppDelegate.m in Sources */,
				152952D41990D01D00924FC3 /* BaseViewController.m in Sources */,
				15295273199071F000924FC3 /* MasterViewController.m in Sources */,
				152952CD19908B7200924FC3 /* ViewUtil.m in Sources */,
				152952A81990899400924FC3 /* CC3xSwitch.m in Sources */,
				152952AF1990899F00924FC3 /* CC3xAPManager.m in Sources */,
				152952B719908B3F00924FC3 /* GDataXMLNode.m in Sources */,
				152952A51990899400924FC3 /* CC3xMessage.m in Sources */,
				152952B01990899F00924FC3 /* CC3xUtility.m in Sources */,
				152952C819908B7200924FC3 /* SendResponseHandler.m in Sources */,
				152952B3199089B100924FC3 /* CRC.c in Sources */,
				15295269199071EF00924FC3 /* main.m in Sources */,
				152952C919908B7200924FC3 /* UdpSocketUtil.m in Sources */,
				15295276199071F000924FC3 /* DetailViewController.m in Sources */,
				152952CA19908B7200924FC3 /* NetUtil.m in Sources */,
				152952A61990899400924FC3 /* CC3xMoreAction.m in Sources */,
				152952CB19908B7200924FC3 /* MessageUtil.m in Sources */,
				152952A71990899400924FC3 /* CC3xServerInfo.m in Sources */,
				152952A91990899400924FC3 /* CC3xTimerTask.m in Sources */,
				152952CC19908B7200924FC3 /* XMLUtil.m in Sources */,
			);
			runOnlyForDeploymentPostprocessing = 0;
		};
		15295279199071F000924FC3 /* Sources */ = {
			isa = PBXSourcesBuildPhase;
			buildActionMask = 2147483647;
			files = (
				1529528B199071F000924FC3 /* SmartSwitchTests.m in Sources */,
			);
			runOnlyForDeploymentPostprocessing = 0;
		};
/* End PBXSourcesBuildPhase section */

/* Begin PBXTargetDependency section */
		15295283199071F000924FC3 /* PBXTargetDependency */ = {
			isa = PBXTargetDependency;
			target = 15295258199071EF00924FC3 /* SmartSwitch */;
			targetProxy = 15295282199071F000924FC3 /* PBXContainerItemProxy */;
		};
/* End PBXTargetDependency section */

/* Begin PBXVariantGroup section */
		15295265199071EF00924FC3 /* InfoPlist.strings */ = {
			isa = PBXVariantGroup;
			children = (
				15295266199071EF00924FC3 /* en */,
			);
			name = InfoPlist.strings;
			sourceTree = "<group>";
		};
		1529526E199071F000924FC3 /* Main.storyboard */ = {
			isa = PBXVariantGroup;
			children = (
				1529526F199071F000924FC3 /* Base */,
			);
			name = Main.storyboard;
			sourceTree = "<group>";
		};
		15295287199071F000924FC3 /* InfoPlist.strings */ = {
			isa = PBXVariantGroup;
			children = (
				15295288199071F000924FC3 /* en */,
			);
			name = InfoPlist.strings;
			sourceTree = "<group>";
		};
/* End PBXVariantGroup section */

/* Begin XCBuildConfiguration section */
		1529528C199071F000924FC3 /* Debug */ = {
			isa = XCBuildConfiguration;
			buildSettings = {
				ALWAYS_SEARCH_USER_PATHS = NO;
				CLANG_CXX_LANGUAGE_STANDARD = "gnu++0x";
				CLANG_CXX_LIBRARY = "libc++";
				CLANG_ENABLE_MODULES = YES;
				CLANG_ENABLE_OBJC_ARC = YES;
				CLANG_WARN_BOOL_CONVERSION = YES;
				CLANG_WARN_CONSTANT_CONVERSION = YES;
				CLANG_WARN_DIRECT_OBJC_ISA_USAGE = YES_ERROR;
				CLANG_WARN_EMPTY_BODY = YES;
				CLANG_WARN_ENUM_CONVERSION = YES;
				CLANG_WARN_INT_CONVERSION = YES;
				CLANG_WARN_OBJC_ROOT_CLASS = YES_ERROR;
				CLANG_WARN__DUPLICATE_METHOD_MATCH = YES;
				"CODE_SIGN_IDENTITY[sdk=iphoneos*]" = "iPhone Developer";
				COPY_PHASE_STRIP = NO;
				GCC_C_LANGUAGE_STANDARD = gnu99;
				GCC_DYNAMIC_NO_PIC = NO;
				GCC_OPTIMIZATION_LEVEL = 0;
				GCC_PREPROCESSOR_DEFINITIONS = (
					"DEBUG=1",
					"$(inherited)",
				);
				GCC_SYMBOLS_PRIVATE_EXTERN = NO;
				GCC_WARN_64_TO_32_BIT_CONVERSION = YES;
				GCC_WARN_ABOUT_RETURN_TYPE = YES_ERROR;
				GCC_WARN_UNDECLARED_SELECTOR = YES;
				GCC_WARN_UNINITIALIZED_AUTOS = YES_AGGRESSIVE;
				GCC_WARN_UNUSED_FUNCTION = YES;
				GCC_WARN_UNUSED_VARIABLE = YES;
				IPHONEOS_DEPLOYMENT_TARGET = 7.1;
				ONLY_ACTIVE_ARCH = YES;
				SDKROOT = iphoneos;
			};
			name = Debug;
		};
		1529528D199071F000924FC3 /* Release */ = {
			isa = XCBuildConfiguration;
			buildSettings = {
				ALWAYS_SEARCH_USER_PATHS = NO;
				CLANG_CXX_LANGUAGE_STANDARD = "gnu++0x";
				CLANG_CXX_LIBRARY = "libc++";
				CLANG_ENABLE_MODULES = YES;
				CLANG_ENABLE_OBJC_ARC = YES;
				CLANG_WARN_BOOL_CONVERSION = YES;
				CLANG_WARN_CONSTANT_CONVERSION = YES;
				CLANG_WARN_DIRECT_OBJC_ISA_USAGE = YES_ERROR;
				CLANG_WARN_EMPTY_BODY = YES;
				CLANG_WARN_ENUM_CONVERSION = YES;
				CLANG_WARN_INT_CONVERSION = YES;
				CLANG_WARN_OBJC_ROOT_CLASS = YES_ERROR;
				CLANG_WARN__DUPLICATE_METHOD_MATCH = YES;
				"CODE_SIGN_IDENTITY[sdk=iphoneos*]" = "iPhone Developer";
				COPY_PHASE_STRIP = YES;
				ENABLE_NS_ASSERTIONS = NO;
				GCC_C_LANGUAGE_STANDARD = gnu99;
				GCC_WARN_64_TO_32_BIT_CONVERSION = YES;
				GCC_WARN_ABOUT_RETURN_TYPE = YES_ERROR;
				GCC_WARN_UNDECLARED_SELECTOR = YES;
				GCC_WARN_UNINITIALIZED_AUTOS = YES_AGGRESSIVE;
				GCC_WARN_UNUSED_FUNCTION = YES;
				GCC_WARN_UNUSED_VARIABLE = YES;
				IPHONEOS_DEPLOYMENT_TARGET = 7.1;
				SDKROOT = iphoneos;
				VALIDATE_PRODUCT = YES;
			};
			name = Release;
		};
		1529528F199071F000924FC3 /* Debug */ = {
			isa = XCBuildConfiguration;
			baseConfigurationReference = CABB3F26A985482997979951 /* Pods.xcconfig */;
			buildSettings = {
				ASSETCATALOG_COMPILER_APPICON_NAME = AppIcon;
				ASSETCATALOG_COMPILER_LAUNCHIMAGE_NAME = LaunchImage;
				CODE_SIGN_IDENTITY = "iPhone Developer";
				GCC_PRECOMPILE_PREFIX_HEADER = YES;
				GCC_PREFIX_HEADER = "SmartSwitch/SmartSwitch-Prefix.pch";
				HEADER_SEARCH_PATHS = (
					"\"${PODS_ROOT}/Headers\"",
					"\"${PODS_ROOT}/Headers/AFNetworking\"",
					"\"${PODS_ROOT}/Headers/CocoaAsyncSocket\"",
					"\"${PODS_ROOT}/Headers/CocoaLumberjack\"",
					"\"${PODS_ROOT}/Headers/JASidePanels\"",
					"\"${PODS_ROOT}/Headers/MBProgressHUD\"",
					"\"${PODS_ROOT}/Headers/Reachability\"",
					"\"/usr/include/libxml2\"",
				);
				INFOPLIST_FILE = "SmartSwitch/SmartSwitch-Info.plist";
				LIBRARY_SEARCH_PATHS = (
					"$(inherited)",
					"$(PROJECT_DIR)",
				);
				PRODUCT_NAME = "$(TARGET_NAME)";
				WRAPPER_EXTENSION = app;
			};
			name = Debug;
		};
		15295290199071F000924FC3 /* Release */ = {
			isa = XCBuildConfiguration;
			baseConfigurationReference = CABB3F26A985482997979951 /* Pods.xcconfig */;
			buildSettings = {
				ASSETCATALOG_COMPILER_APPICON_NAME = AppIcon;
				ASSETCATALOG_COMPILER_LAUNCHIMAGE_NAME = LaunchImage;
				CODE_SIGN_IDENTITY = "iPhone Developer";
				GCC_PRECOMPILE_PREFIX_HEADER = YES;
				GCC_PREFIX_HEADER = "SmartSwitch/SmartSwitch-Prefix.pch";
				HEADER_SEARCH_PATHS = (
					"\"${PODS_ROOT}/Headers\"",
					"\"${PODS_ROOT}/Headers/AFNetworking\"",
					"\"${PODS_ROOT}/Headers/CocoaAsyncSocket\"",
					"\"${PODS_ROOT}/Headers/CocoaLumberjack\"",
					"\"${PODS_ROOT}/Headers/JASidePanels\"",
					"\"${PODS_ROOT}/Headers/MBProgressHUD\"",
					"\"${PODS_ROOT}/Headers/Reachability\"",
					"\"/usr/include/libxml2\"",
				);
				INFOPLIST_FILE = "SmartSwitch/SmartSwitch-Info.plist";
				LIBRARY_SEARCH_PATHS = (
					"$(inherited)",
					"$(PROJECT_DIR)",
				);
				PRODUCT_NAME = "$(TARGET_NAME)";
				WRAPPER_EXTENSION = app;
			};
			name = Release;
		};
		15295292199071F000924FC3 /* Debug */ = {
			isa = XCBuildConfiguration;
			buildSettings = {
				BUNDLE_LOADER = "$(BUILT_PRODUCTS_DIR)/SmartSwitch.app/SmartSwitch";
				FRAMEWORK_SEARCH_PATHS = (
					"$(SDKROOT)/Developer/Library/Frameworks",
					"$(inherited)",
					"$(DEVELOPER_FRAMEWORKS_DIR)",
				);
				GCC_PRECOMPILE_PREFIX_HEADER = YES;
				GCC_PREFIX_HEADER = "SmartSwitch/SmartSwitch-Prefix.pch";
				GCC_PREPROCESSOR_DEFINITIONS = (
					"DEBUG=1",
					"$(inherited)",
				);
				INFOPLIST_FILE = "SmartSwitchTests/SmartSwitchTests-Info.plist";
				PRODUCT_NAME = "$(TARGET_NAME)";
				TEST_HOST = "$(BUNDLE_LOADER)";
				WRAPPER_EXTENSION = xctest;
			};
			name = Debug;
		};
		15295293199071F000924FC3 /* Release */ = {
			isa = XCBuildConfiguration;
			buildSettings = {
				BUNDLE_LOADER = "$(BUILT_PRODUCTS_DIR)/SmartSwitch.app/SmartSwitch";
				FRAMEWORK_SEARCH_PATHS = (
					"$(SDKROOT)/Developer/Library/Frameworks",
					"$(inherited)",
					"$(DEVELOPER_FRAMEWORKS_DIR)",
				);
				GCC_PRECOMPILE_PREFIX_HEADER = YES;
				GCC_PREFIX_HEADER = "SmartSwitch/SmartSwitch-Prefix.pch";
				INFOPLIST_FILE = "SmartSwitchTests/SmartSwitchTests-Info.plist";
				PRODUCT_NAME = "$(TARGET_NAME)";
				TEST_HOST = "$(BUNDLE_LOADER)";
				WRAPPER_EXTENSION = xctest;
			};
			name = Release;
		};
/* End XCBuildConfiguration section */

/* Begin XCConfigurationList section */
		15295254199071EF00924FC3 /* Build configuration list for PBXProject "SmartSwitch" */ = {
			isa = XCConfigurationList;
			buildConfigurations = (
				1529528C199071F000924FC3 /* Debug */,
				1529528D199071F000924FC3 /* Release */,
			);
			defaultConfigurationIsVisible = 0;
			defaultConfigurationName = Release;
		};
		1529528E199071F000924FC3 /* Build configuration list for PBXNativeTarget "SmartSwitch" */ = {
			isa = XCConfigurationList;
			buildConfigurations = (
				1529528F199071F000924FC3 /* Debug */,
				15295290199071F000924FC3 /* Release */,
			);
			defaultConfigurationIsVisible = 0;
			defaultConfigurationName = Release;
		};
		15295291199071F000924FC3 /* Build configuration list for PBXNativeTarget "SmartSwitchTests" */ = {
			isa = XCConfigurationList;
			buildConfigurations = (
				15295292199071F000924FC3 /* Debug */,
				15295293199071F000924FC3 /* Release */,
			);
			defaultConfigurationIsVisible = 0;
			defaultConfigurationName = Release;
		};
/* End XCConfigurationList section */
	};
	rootObject = 15295251199071EF00924FC3 /* Project object */;
}
